// !$*UTF8*$!
{
	archiveVersion = 1;
	classes = {
	};
	objectVersion = 46;
	objects = {

/* Begin PBXAggregateTarget section */
		"StoreGenerator::StoreGeneratorPackageTests::ProductTarget" /* StoreGeneratorPackageTests */ = {
			isa = PBXAggregateTarget;
			buildConfigurationList = OBJ_229 /* Build configuration list for PBXAggregateTarget "StoreGeneratorPackageTests" */;
			buildPhases = (
			);
			dependencies = (
				OBJ_232 /* PBXTargetDependency */,
			);
			name = StoreGeneratorPackageTests;
			productName = StoreGeneratorPackageTests;
		};
/* End PBXAggregateTarget section */

/* Begin PBXBuildFile section */
		808F11512702B5EE006E41A2 /* GenerateStoreCommand.swift in Sources */ = {isa = PBXBuildFile; fileRef = 808F11502702B5EE006E41A2 /* GenerateStoreCommand.swift */; };
		808F11602702B8C4006E41A2 /* ColorsStoreOutput.txt in CopyFiles */ = {isa = PBXBuildFile; fileRef = 808F11542702B8AA006E41A2 /* ColorsStoreOutput.txt */; };
		808F11612702B8C4006E41A2 /* EmptyStringStoreOutput.txt in CopyFiles */ = {isa = PBXBuildFile; fileRef = 808F11552702B8AA006E41A2 /* EmptyStringStoreOutput.txt */; };
		808F11622702B8C4006E41A2 /* ImagesStoreOutput.txt in CopyFiles */ = {isa = PBXBuildFile; fileRef = 808F11562702B8AA006E41A2 /* ImagesStoreOutput.txt */; };
		808F11632702B8C4006E41A2 /* EmptyImagesStoreOutput.txt in CopyFiles */ = {isa = PBXBuildFile; fileRef = 808F11572702B8AA006E41A2 /* EmptyImagesStoreOutput.txt */; };
		808F11642702B8C4006E41A2 /* EmptyColorsStoreOutput.txt in CopyFiles */ = {isa = PBXBuildFile; fileRef = 808F11582702B8AA006E41A2 /* EmptyColorsStoreOutput.txt */; };
		808F11652702B8C4006E41A2 /* StringStoreOutput.txt in CopyFiles */ = {isa = PBXBuildFile; fileRef = 808F11592702B8AA006E41A2 /* StringStoreOutput.txt */; };
		808F11662702B8C4006E41A2 /* EmptyStringsSource.strings in CopyFiles */ = {isa = PBXBuildFile; fileRef = 808F115B2702B8AA006E41A2 /* EmptyStringsSource.strings */; };
		808F11672702B8C4006E41A2 /* EmptyAssetsSource.xcassets in CopyFiles */ = {isa = PBXBuildFile; fileRef = 808F115C2702B8AA006E41A2 /* EmptyAssetsSource.xcassets */; };
		808F11682702B8C4006E41A2 /* AssetsSource.xcassets in CopyFiles */ = {isa = PBXBuildFile; fileRef = 808F115D2702B8AA006E41A2 /* AssetsSource.xcassets */; };
		808F11692702B8C4006E41A2 /* StringsSource.strings in CopyFiles */ = {isa = PBXBuildFile; fileRef = 808F115E2702B8AA006E41A2 /* StringsSource.strings */; };
		808F116B2702BBC2006E41A2 /* StoreGeneratorTests.swift in Sources */ = {isa = PBXBuildFile; fileRef = 808F116A2702BBC2006E41A2 /* StoreGeneratorTests.swift */; };
		80BD20732705582600976B33 /* Constants.swift in Sources */ = {isa = PBXBuildFile; fileRef = 80BD20722705582600976B33 /* Constants.swift */; };
		OBJ_105 /* BashCompletionsGenerator.swift in Sources */ = {isa = PBXBuildFile; fileRef = OBJ_34 /* BashCompletionsGenerator.swift */; };
		OBJ_106 /* CompletionsGenerator.swift in Sources */ = {isa = PBXBuildFile; fileRef = OBJ_35 /* CompletionsGenerator.swift */; };
		OBJ_107 /* FishCompletionsGenerator.swift in Sources */ = {isa = PBXBuildFile; fileRef = OBJ_36 /* FishCompletionsGenerator.swift */; };
		OBJ_108 /* ZshCompletionsGenerator.swift in Sources */ = {isa = PBXBuildFile; fileRef = OBJ_37 /* ZshCompletionsGenerator.swift */; };
		OBJ_109 /* Argument.swift in Sources */ = {isa = PBXBuildFile; fileRef = OBJ_39 /* Argument.swift */; };
		OBJ_110 /* ArgumentHelp.swift in Sources */ = {isa = PBXBuildFile; fileRef = OBJ_40 /* ArgumentHelp.swift */; };
		OBJ_111 /* CompletionKind.swift in Sources */ = {isa = PBXBuildFile; fileRef = OBJ_41 /* CompletionKind.swift */; };
		OBJ_112 /* Errors.swift in Sources */ = {isa = PBXBuildFile; fileRef = OBJ_42 /* Errors.swift */; };
		OBJ_113 /* Flag.swift in Sources */ = {isa = PBXBuildFile; fileRef = OBJ_43 /* Flag.swift */; };
		OBJ_114 /* NameSpecification.swift in Sources */ = {isa = PBXBuildFile; fileRef = OBJ_44 /* NameSpecification.swift */; };
		OBJ_115 /* Option.swift in Sources */ = {isa = PBXBuildFile; fileRef = OBJ_45 /* Option.swift */; };
		OBJ_116 /* OptionGroup.swift in Sources */ = {isa = PBXBuildFile; fileRef = OBJ_46 /* OptionGroup.swift */; };
		OBJ_117 /* CommandConfiguration.swift in Sources */ = {isa = PBXBuildFile; fileRef = OBJ_48 /* CommandConfiguration.swift */; };
		OBJ_118 /* EnumerableFlag.swift in Sources */ = {isa = PBXBuildFile; fileRef = OBJ_49 /* EnumerableFlag.swift */; };
		OBJ_119 /* ExpressibleByArgument.swift in Sources */ = {isa = PBXBuildFile; fileRef = OBJ_50 /* ExpressibleByArgument.swift */; };
		OBJ_120 /* ParsableArguments.swift in Sources */ = {isa = PBXBuildFile; fileRef = OBJ_51 /* ParsableArguments.swift */; };
		OBJ_121 /* ParsableArgumentsValidation.swift in Sources */ = {isa = PBXBuildFile; fileRef = OBJ_52 /* ParsableArgumentsValidation.swift */; };
		OBJ_122 /* ParsableCommand.swift in Sources */ = {isa = PBXBuildFile; fileRef = OBJ_53 /* ParsableCommand.swift */; };
		OBJ_123 /* ArgumentDecoder.swift in Sources */ = {isa = PBXBuildFile; fileRef = OBJ_55 /* ArgumentDecoder.swift */; };
		OBJ_124 /* ArgumentDefinition.swift in Sources */ = {isa = PBXBuildFile; fileRef = OBJ_56 /* ArgumentDefinition.swift */; };
		OBJ_125 /* ArgumentSet.swift in Sources */ = {isa = PBXBuildFile; fileRef = OBJ_57 /* ArgumentSet.swift */; };
		OBJ_126 /* CommandParser.swift in Sources */ = {isa = PBXBuildFile; fileRef = OBJ_58 /* CommandParser.swift */; };
		OBJ_127 /* InputOrigin.swift in Sources */ = {isa = PBXBuildFile; fileRef = OBJ_59 /* InputOrigin.swift */; };
		OBJ_128 /* Name.swift in Sources */ = {isa = PBXBuildFile; fileRef = OBJ_60 /* Name.swift */; };
		OBJ_129 /* Parsed.swift in Sources */ = {isa = PBXBuildFile; fileRef = OBJ_61 /* Parsed.swift */; };
		OBJ_130 /* ParsedValues.swift in Sources */ = {isa = PBXBuildFile; fileRef = OBJ_62 /* ParsedValues.swift */; };
		OBJ_131 /* ParserError.swift in Sources */ = {isa = PBXBuildFile; fileRef = OBJ_63 /* ParserError.swift */; };
		OBJ_132 /* SplitArguments.swift in Sources */ = {isa = PBXBuildFile; fileRef = OBJ_64 /* SplitArguments.swift */; };
		OBJ_133 /* DumpHelpGenerator.swift in Sources */ = {isa = PBXBuildFile; fileRef = OBJ_66 /* DumpHelpGenerator.swift */; };
		OBJ_134 /* HelpCommand.swift in Sources */ = {isa = PBXBuildFile; fileRef = OBJ_67 /* HelpCommand.swift */; };
		OBJ_135 /* HelpGenerator.swift in Sources */ = {isa = PBXBuildFile; fileRef = OBJ_68 /* HelpGenerator.swift */; };
		OBJ_136 /* MessageInfo.swift in Sources */ = {isa = PBXBuildFile; fileRef = OBJ_69 /* MessageInfo.swift */; };
		OBJ_137 /* UsageGenerator.swift in Sources */ = {isa = PBXBuildFile; fileRef = OBJ_70 /* UsageGenerator.swift */; };
		OBJ_138 /* CollectionExtensions.swift in Sources */ = {isa = PBXBuildFile; fileRef = OBJ_72 /* CollectionExtensions.swift */; };
		OBJ_139 /* SequenceExtensions.swift in Sources */ = {isa = PBXBuildFile; fileRef = OBJ_73 /* SequenceExtensions.swift */; };
		OBJ_140 /* StringExtensions.swift in Sources */ = {isa = PBXBuildFile; fileRef = OBJ_74 /* StringExtensions.swift */; };
		OBJ_141 /* Tree.swift in Sources */ = {isa = PBXBuildFile; fileRef = OBJ_75 /* Tree.swift */; };
		OBJ_143 /* ArgumentParserToolInfo.framework in Frameworks */ = {isa = PBXBuildFile; fileRef = "swift-argument-parser::ArgumentParserToolInfo::Product" /* ArgumentParserToolInfo.framework */; };
		OBJ_150 /* ToolInfo.swift in Sources */ = {isa = PBXBuildFile; fileRef = OBJ_77 /* ToolInfo.swift */; };
		OBJ_157 /* Files.swift in Sources */ = {isa = PBXBuildFile; fileRef = OBJ_90 /* Files.swift */; };
		OBJ_164 /* Package.swift in Sources */ = {isa = PBXBuildFile; fileRef = OBJ_89 /* Package.swift */; };
		OBJ_170 /* Foundation+Ranges.swift in Sources */ = {isa = PBXBuildFile; fileRef = OBJ_81 /* Foundation+Ranges.swift */; };
		OBJ_171 /* MatchResult.swift in Sources */ = {isa = PBXBuildFile; fileRef = OBJ_82 /* MatchResult.swift */; };
		OBJ_172 /* Options.swift in Sources */ = {isa = PBXBuildFile; fileRef = OBJ_83 /* Options.swift */; };
		OBJ_173 /* Regex.swift in Sources */ = {isa = PBXBuildFile; fileRef = OBJ_84 /* Regex.swift */; };
		OBJ_174 /* String+ReplaceMatching.swift in Sources */ = {isa = PBXBuildFile; fileRef = OBJ_85 /* String+ReplaceMatching.swift */; };
		OBJ_175 /* ThreadLocal.swift in Sources */ = {isa = PBXBuildFile; fileRef = OBJ_86 /* ThreadLocal.swift */; };
		OBJ_182 /* Package.swift in Sources */ = {isa = PBXBuildFile; fileRef = OBJ_87 /* Package.swift */; };
		OBJ_188 /* main.swift in Sources */ = {isa = PBXBuildFile; fileRef = OBJ_9 /* main.swift */; };
		OBJ_190 /* StoreGeneratorCore.framework in Frameworks */ = {isa = PBXBuildFile; fileRef = "StoreGenerator::StoreGeneratorCore::Product" /* StoreGeneratorCore.framework */; };
		OBJ_191 /* ArgumentParser.framework in Frameworks */ = {isa = PBXBuildFile; fileRef = "swift-argument-parser::ArgumentParser::Product" /* ArgumentParser.framework */; };
		OBJ_192 /* ArgumentParserToolInfo.framework in Frameworks */ = {isa = PBXBuildFile; fileRef = "swift-argument-parser::ArgumentParserToolInfo::Product" /* ArgumentParserToolInfo.framework */; };
		OBJ_193 /* Regex.framework in Frameworks */ = {isa = PBXBuildFile; fileRef = "Regex::Regex::Product" /* Regex.framework */; };
		OBJ_194 /* Files.framework in Frameworks */ = {isa = PBXBuildFile; fileRef = "Files::Files::Product" /* Files.framework */; };
		OBJ_205 /* Argument.swift in Sources */ = {isa = PBXBuildFile; fileRef = OBJ_12 /* Argument.swift */; };
		OBJ_206 /* Type.swift in Sources */ = {isa = PBXBuildFile; fileRef = OBJ_13 /* Type.swift */; };
		OBJ_207 /* ColorsStoreGenerator.swift in Sources */ = {isa = PBXBuildFile; fileRef = OBJ_15 /* ColorsStoreGenerator.swift */; };
		OBJ_208 /* ImagesStoreGenerator.swift in Sources */ = {isa = PBXBuildFile; fileRef = OBJ_16 /* ImagesStoreGenerator.swift */; };
		OBJ_209 /* StringsStoreGenerator.swift in Sources */ = {isa = PBXBuildFile; fileRef = OBJ_17 /* StringsStoreGenerator.swift */; };
		OBJ_210 /* File+Additions.swift in Sources */ = {isa = PBXBuildFile; fileRef = OBJ_19 /* File+Additions.swift */; };
		OBJ_211 /* Resources.swift in Sources */ = {isa = PBXBuildFile; fileRef = OBJ_20 /* Resources.swift */; };
		OBJ_212 /* StoreGenerator.swift in Sources */ = {isa = PBXBuildFile; fileRef = OBJ_21 /* StoreGenerator.swift */; };
		OBJ_214 /* ArgumentParser.framework in Frameworks */ = {isa = PBXBuildFile; fileRef = "swift-argument-parser::ArgumentParser::Product" /* ArgumentParser.framework */; };
		OBJ_215 /* ArgumentParserToolInfo.framework in Frameworks */ = {isa = PBXBuildFile; fileRef = "swift-argument-parser::ArgumentParserToolInfo::Product" /* ArgumentParserToolInfo.framework */; };
		OBJ_216 /* Regex.framework in Frameworks */ = {isa = PBXBuildFile; fileRef = "Regex::Regex::Product" /* Regex.framework */; };
		OBJ_217 /* Files.framework in Frameworks */ = {isa = PBXBuildFile; fileRef = "Files::Files::Product" /* Files.framework */; };
		OBJ_227 /* Package.swift in Sources */ = {isa = PBXBuildFile; fileRef = OBJ_6 /* Package.swift */; };
		OBJ_238 /* ArgumentTests.swift in Sources */ = {isa = PBXBuildFile; fileRef = OBJ_24 /* ArgumentTests.swift */; };
		OBJ_239 /* ColorsStoreGeneratorTests.swift in Sources */ = {isa = PBXBuildFile; fileRef = OBJ_25 /* ColorsStoreGeneratorTests.swift */; };
		OBJ_240 /* ImagesStoreGeneratorTests.swift in Sources */ = {isa = PBXBuildFile; fileRef = OBJ_26 /* ImagesStoreGeneratorTests.swift */; };
		OBJ_242 /* StringsStoreGeneratorTests.swift in Sources */ = {isa = PBXBuildFile; fileRef = OBJ_28 /* StringsStoreGeneratorTests.swift */; };
		OBJ_243 /* TypeTests.swift in Sources */ = {isa = PBXBuildFile; fileRef = OBJ_29 /* TypeTests.swift */; };
		OBJ_245 /* StoreGeneratorCore.framework in Frameworks */ = {isa = PBXBuildFile; fileRef = "StoreGenerator::StoreGeneratorCore::Product" /* StoreGeneratorCore.framework */; };
		OBJ_246 /* ArgumentParser.framework in Frameworks */ = {isa = PBXBuildFile; fileRef = "swift-argument-parser::ArgumentParser::Product" /* ArgumentParser.framework */; };
		OBJ_247 /* ArgumentParserToolInfo.framework in Frameworks */ = {isa = PBXBuildFile; fileRef = "swift-argument-parser::ArgumentParserToolInfo::Product" /* ArgumentParserToolInfo.framework */; };
		OBJ_248 /* Regex.framework in Frameworks */ = {isa = PBXBuildFile; fileRef = "Regex::Regex::Product" /* Regex.framework */; };
		OBJ_249 /* Files.framework in Frameworks */ = {isa = PBXBuildFile; fileRef = "Files::Files::Product" /* Files.framework */; };
		OBJ_260 /* Package.swift in Sources */ = {isa = PBXBuildFile; fileRef = OBJ_78 /* Package.swift */; };
/* End PBXBuildFile section */

/* Begin PBXContainerItemProxy section */
		808F11402702A93E006E41A2 /* PBXContainerItemProxy */ = {
			isa = PBXContainerItemProxy;
			containerPortal = OBJ_1 /* Project object */;
			proxyType = 1;
			remoteGlobalIDString = "StoreGenerator::StoreGeneratorCore";
			remoteInfo = StoreGeneratorCore;
		};
		808F11412702A93E006E41A2 /* PBXContainerItemProxy */ = {
			isa = PBXContainerItemProxy;
			containerPortal = OBJ_1 /* Project object */;
			proxyType = 1;
			remoteGlobalIDString = "swift-argument-parser::ArgumentParser";
			remoteInfo = ArgumentParser;
		};
		808F11422702A93E006E41A2 /* PBXContainerItemProxy */ = {
			isa = PBXContainerItemProxy;
			containerPortal = OBJ_1 /* Project object */;
			proxyType = 1;
			remoteGlobalIDString = "swift-argument-parser::ArgumentParserToolInfo";
			remoteInfo = ArgumentParserToolInfo;
		};
		808F11432702A93E006E41A2 /* PBXContainerItemProxy */ = {
			isa = PBXContainerItemProxy;
			containerPortal = OBJ_1 /* Project object */;
			proxyType = 1;
			remoteGlobalIDString = "swift-argument-parser::ArgumentParserToolInfo";
			remoteInfo = ArgumentParserToolInfo;
		};
		808F11442702A93E006E41A2 /* PBXContainerItemProxy */ = {
			isa = PBXContainerItemProxy;
			containerPortal = OBJ_1 /* Project object */;
			proxyType = 1;
			remoteGlobalIDString = "Regex::Regex";
			remoteInfo = Regex;
		};
		808F11452702A93E006E41A2 /* PBXContainerItemProxy */ = {
			isa = PBXContainerItemProxy;
			containerPortal = OBJ_1 /* Project object */;
			proxyType = 1;
			remoteGlobalIDString = "Files::Files";
			remoteInfo = Files;
		};
		808F11462702A93E006E41A2 /* PBXContainerItemProxy */ = {
			isa = PBXContainerItemProxy;
			containerPortal = OBJ_1 /* Project object */;
			proxyType = 1;
			remoteGlobalIDString = "swift-argument-parser::ArgumentParser";
			remoteInfo = ArgumentParser;
		};
		808F11472702A93E006E41A2 /* PBXContainerItemProxy */ = {
			isa = PBXContainerItemProxy;
			containerPortal = OBJ_1 /* Project object */;
			proxyType = 1;
			remoteGlobalIDString = "swift-argument-parser::ArgumentParserToolInfo";
			remoteInfo = ArgumentParserToolInfo;
		};
		808F11482702A93E006E41A2 /* PBXContainerItemProxy */ = {
			isa = PBXContainerItemProxy;
			containerPortal = OBJ_1 /* Project object */;
			proxyType = 1;
			remoteGlobalIDString = "Regex::Regex";
			remoteInfo = Regex;
		};
		808F11492702A93E006E41A2 /* PBXContainerItemProxy */ = {
			isa = PBXContainerItemProxy;
			containerPortal = OBJ_1 /* Project object */;
			proxyType = 1;
			remoteGlobalIDString = "Files::Files";
			remoteInfo = Files;
		};
		808F114A2702A940006E41A2 /* PBXContainerItemProxy */ = {
			isa = PBXContainerItemProxy;
			containerPortal = OBJ_1 /* Project object */;
			proxyType = 1;
			remoteGlobalIDString = "StoreGenerator::StoreGeneratorCore";
			remoteInfo = StoreGeneratorCore;
		};
		808F114B2702A940006E41A2 /* PBXContainerItemProxy */ = {
			isa = PBXContainerItemProxy;
			containerPortal = OBJ_1 /* Project object */;
			proxyType = 1;
			remoteGlobalIDString = "swift-argument-parser::ArgumentParser";
			remoteInfo = ArgumentParser;
		};
		808F114C2702A940006E41A2 /* PBXContainerItemProxy */ = {
			isa = PBXContainerItemProxy;
			containerPortal = OBJ_1 /* Project object */;
			proxyType = 1;
			remoteGlobalIDString = "swift-argument-parser::ArgumentParserToolInfo";
			remoteInfo = ArgumentParserToolInfo;
		};
		808F114D2702A940006E41A2 /* PBXContainerItemProxy */ = {
			isa = PBXContainerItemProxy;
			containerPortal = OBJ_1 /* Project object */;
			proxyType = 1;
			remoteGlobalIDString = "Regex::Regex";
			remoteInfo = Regex;
		};
		808F114E2702A940006E41A2 /* PBXContainerItemProxy */ = {
			isa = PBXContainerItemProxy;
			containerPortal = OBJ_1 /* Project object */;
			proxyType = 1;
			remoteGlobalIDString = "Files::Files";
			remoteInfo = Files;
		};
		808F114F2702A942006E41A2 /* PBXContainerItemProxy */ = {
			isa = PBXContainerItemProxy;
			containerPortal = OBJ_1 /* Project object */;
			proxyType = 1;
			remoteGlobalIDString = "StoreGenerator::StoreGeneratorTests";
			remoteInfo = StoreGeneratorTests;
		};
/* End PBXContainerItemProxy section */

/* Begin PBXCopyFilesBuildPhase section */
		808F115F2702B8B4006E41A2 /* CopyFiles */ = {
			isa = PBXCopyFilesBuildPhase;
			buildActionMask = 2147483647;
			dstPath = "";
			dstSubfolderSpec = 7;
			files = (
				808F11602702B8C4006E41A2 /* ColorsStoreOutput.txt in CopyFiles */,
				808F11612702B8C4006E41A2 /* EmptyStringStoreOutput.txt in CopyFiles */,
				808F11622702B8C4006E41A2 /* ImagesStoreOutput.txt in CopyFiles */,
				808F11632702B8C4006E41A2 /* EmptyImagesStoreOutput.txt in CopyFiles */,
				808F11642702B8C4006E41A2 /* EmptyColorsStoreOutput.txt in CopyFiles */,
				808F11652702B8C4006E41A2 /* StringStoreOutput.txt in CopyFiles */,
				808F11662702B8C4006E41A2 /* EmptyStringsSource.strings in CopyFiles */,
				808F11672702B8C4006E41A2 /* EmptyAssetsSource.xcassets in CopyFiles */,
				808F11682702B8C4006E41A2 /* AssetsSource.xcassets in CopyFiles */,
				808F11692702B8C4006E41A2 /* StringsSource.strings in CopyFiles */,
			);
			runOnlyForDeploymentPostprocessing = 0;
		};
/* End PBXCopyFilesBuildPhase section */

/* Begin PBXFileReference section */
		808F11502702B5EE006E41A2 /* GenerateStoreCommand.swift */ = {isa = PBXFileReference; lastKnownFileType = sourcecode.swift; path = GenerateStoreCommand.swift; sourceTree = "<group>"; };
		808F11542702B8AA006E41A2 /* ColorsStoreOutput.txt */ = {isa = PBXFileReference; lastKnownFileType = text; path = ColorsStoreOutput.txt; sourceTree = "<group>"; };
		808F11552702B8AA006E41A2 /* EmptyStringStoreOutput.txt */ = {isa = PBXFileReference; lastKnownFileType = text; path = EmptyStringStoreOutput.txt; sourceTree = "<group>"; };
		808F11562702B8AA006E41A2 /* ImagesStoreOutput.txt */ = {isa = PBXFileReference; lastKnownFileType = text; path = ImagesStoreOutput.txt; sourceTree = "<group>"; };
		808F11572702B8AA006E41A2 /* EmptyImagesStoreOutput.txt */ = {isa = PBXFileReference; lastKnownFileType = text; path = EmptyImagesStoreOutput.txt; sourceTree = "<group>"; };
		808F11582702B8AA006E41A2 /* EmptyColorsStoreOutput.txt */ = {isa = PBXFileReference; lastKnownFileType = text; path = EmptyColorsStoreOutput.txt; sourceTree = "<group>"; };
		808F11592702B8AA006E41A2 /* StringStoreOutput.txt */ = {isa = PBXFileReference; lastKnownFileType = text; path = StringStoreOutput.txt; sourceTree = "<group>"; };
		808F115B2702B8AA006E41A2 /* EmptyStringsSource.strings */ = {isa = PBXFileReference; lastKnownFileType = text.plist.strings; path = EmptyStringsSource.strings; sourceTree = "<group>"; };
		808F115C2702B8AA006E41A2 /* EmptyAssetsSource.xcassets */ = {isa = PBXFileReference; lastKnownFileType = folder.assetcatalog; path = EmptyAssetsSource.xcassets; sourceTree = "<group>"; };
		808F115D2702B8AA006E41A2 /* AssetsSource.xcassets */ = {isa = PBXFileReference; lastKnownFileType = folder.assetcatalog; path = AssetsSource.xcassets; sourceTree = "<group>"; };
		808F115E2702B8AA006E41A2 /* StringsSource.strings */ = {isa = PBXFileReference; lastKnownFileType = text.plist.strings; path = StringsSource.strings; sourceTree = "<group>"; };
		808F116A2702BBC2006E41A2 /* StoreGeneratorTests.swift */ = {isa = PBXFileReference; lastKnownFileType = sourcecode.swift; path = StoreGeneratorTests.swift; sourceTree = "<group>"; };
		80BD20722705582600976B33 /* Constants.swift */ = {isa = PBXFileReference; lastKnownFileType = sourcecode.swift; path = Constants.swift; sourceTree = "<group>"; };
		"Files::Files::Product" /* Files.framework */ = {isa = PBXFileReference; lastKnownFileType = wrapper.framework; path = Files.framework; sourceTree = BUILT_PRODUCTS_DIR; };
		OBJ_12 /* Argument.swift */ = {isa = PBXFileReference; lastKnownFileType = sourcecode.swift; path = Argument.swift; sourceTree = "<group>"; };
		OBJ_13 /* Type.swift */ = {isa = PBXFileReference; lastKnownFileType = sourcecode.swift; path = Type.swift; sourceTree = "<group>"; };
		OBJ_15 /* ColorsStoreGenerator.swift */ = {isa = PBXFileReference; lastKnownFileType = sourcecode.swift; path = ColorsStoreGenerator.swift; sourceTree = "<group>"; };
		OBJ_16 /* ImagesStoreGenerator.swift */ = {isa = PBXFileReference; lastKnownFileType = sourcecode.swift; path = ImagesStoreGenerator.swift; sourceTree = "<group>"; };
		OBJ_17 /* StringsStoreGenerator.swift */ = {isa = PBXFileReference; lastKnownFileType = sourcecode.swift; path = StringsStoreGenerator.swift; sourceTree = "<group>"; };
		OBJ_19 /* File+Additions.swift */ = {isa = PBXFileReference; lastKnownFileType = sourcecode.swift; path = "File+Additions.swift"; sourceTree = "<group>"; };
		OBJ_20 /* Resources.swift */ = {isa = PBXFileReference; lastKnownFileType = sourcecode.swift; path = Resources.swift; sourceTree = "<group>"; };
		OBJ_21 /* StoreGenerator.swift */ = {isa = PBXFileReference; lastKnownFileType = sourcecode.swift; path = StoreGenerator.swift; sourceTree = "<group>"; };
		OBJ_24 /* ArgumentTests.swift */ = {isa = PBXFileReference; lastKnownFileType = sourcecode.swift; path = ArgumentTests.swift; sourceTree = "<group>"; };
		OBJ_25 /* ColorsStoreGeneratorTests.swift */ = {isa = PBXFileReference; lastKnownFileType = sourcecode.swift; path = ColorsStoreGeneratorTests.swift; sourceTree = "<group>"; };
		OBJ_26 /* ImagesStoreGeneratorTests.swift */ = {isa = PBXFileReference; lastKnownFileType = sourcecode.swift; path = ImagesStoreGeneratorTests.swift; sourceTree = "<group>"; };
		OBJ_28 /* StringsStoreGeneratorTests.swift */ = {isa = PBXFileReference; lastKnownFileType = sourcecode.swift; path = StringsStoreGeneratorTests.swift; sourceTree = "<group>"; };
		OBJ_29 /* TypeTests.swift */ = {isa = PBXFileReference; lastKnownFileType = sourcecode.swift; path = TypeTests.swift; sourceTree = "<group>"; };
		OBJ_34 /* BashCompletionsGenerator.swift */ = {isa = PBXFileReference; lastKnownFileType = sourcecode.swift; path = BashCompletionsGenerator.swift; sourceTree = "<group>"; };
		OBJ_35 /* CompletionsGenerator.swift */ = {isa = PBXFileReference; lastKnownFileType = sourcecode.swift; path = CompletionsGenerator.swift; sourceTree = "<group>"; };
		OBJ_36 /* FishCompletionsGenerator.swift */ = {isa = PBXFileReference; lastKnownFileType = sourcecode.swift; path = FishCompletionsGenerator.swift; sourceTree = "<group>"; };
		OBJ_37 /* ZshCompletionsGenerator.swift */ = {isa = PBXFileReference; lastKnownFileType = sourcecode.swift; path = ZshCompletionsGenerator.swift; sourceTree = "<group>"; };
		OBJ_39 /* Argument.swift */ = {isa = PBXFileReference; lastKnownFileType = sourcecode.swift; path = Argument.swift; sourceTree = "<group>"; };
		OBJ_40 /* ArgumentHelp.swift */ = {isa = PBXFileReference; lastKnownFileType = sourcecode.swift; path = ArgumentHelp.swift; sourceTree = "<group>"; };
		OBJ_41 /* CompletionKind.swift */ = {isa = PBXFileReference; lastKnownFileType = sourcecode.swift; path = CompletionKind.swift; sourceTree = "<group>"; };
		OBJ_42 /* Errors.swift */ = {isa = PBXFileReference; lastKnownFileType = sourcecode.swift; path = Errors.swift; sourceTree = "<group>"; };
		OBJ_43 /* Flag.swift */ = {isa = PBXFileReference; lastKnownFileType = sourcecode.swift; path = Flag.swift; sourceTree = "<group>"; };
		OBJ_44 /* NameSpecification.swift */ = {isa = PBXFileReference; lastKnownFileType = sourcecode.swift; path = NameSpecification.swift; sourceTree = "<group>"; };
		OBJ_45 /* Option.swift */ = {isa = PBXFileReference; lastKnownFileType = sourcecode.swift; path = Option.swift; sourceTree = "<group>"; };
		OBJ_46 /* OptionGroup.swift */ = {isa = PBXFileReference; lastKnownFileType = sourcecode.swift; path = OptionGroup.swift; sourceTree = "<group>"; };
		OBJ_48 /* CommandConfiguration.swift */ = {isa = PBXFileReference; lastKnownFileType = sourcecode.swift; path = CommandConfiguration.swift; sourceTree = "<group>"; };
		OBJ_49 /* EnumerableFlag.swift */ = {isa = PBXFileReference; lastKnownFileType = sourcecode.swift; path = EnumerableFlag.swift; sourceTree = "<group>"; };
		OBJ_50 /* ExpressibleByArgument.swift */ = {isa = PBXFileReference; lastKnownFileType = sourcecode.swift; path = ExpressibleByArgument.swift; sourceTree = "<group>"; };
		OBJ_51 /* ParsableArguments.swift */ = {isa = PBXFileReference; lastKnownFileType = sourcecode.swift; path = ParsableArguments.swift; sourceTree = "<group>"; };
		OBJ_52 /* ParsableArgumentsValidation.swift */ = {isa = PBXFileReference; lastKnownFileType = sourcecode.swift; path = ParsableArgumentsValidation.swift; sourceTree = "<group>"; };
		OBJ_53 /* ParsableCommand.swift */ = {isa = PBXFileReference; lastKnownFileType = sourcecode.swift; path = ParsableCommand.swift; sourceTree = "<group>"; };
		OBJ_55 /* ArgumentDecoder.swift */ = {isa = PBXFileReference; lastKnownFileType = sourcecode.swift; path = ArgumentDecoder.swift; sourceTree = "<group>"; };
		OBJ_56 /* ArgumentDefinition.swift */ = {isa = PBXFileReference; lastKnownFileType = sourcecode.swift; path = ArgumentDefinition.swift; sourceTree = "<group>"; };
		OBJ_57 /* ArgumentSet.swift */ = {isa = PBXFileReference; lastKnownFileType = sourcecode.swift; path = ArgumentSet.swift; sourceTree = "<group>"; };
		OBJ_58 /* CommandParser.swift */ = {isa = PBXFileReference; lastKnownFileType = sourcecode.swift; path = CommandParser.swift; sourceTree = "<group>"; };
		OBJ_59 /* InputOrigin.swift */ = {isa = PBXFileReference; lastKnownFileType = sourcecode.swift; path = InputOrigin.swift; sourceTree = "<group>"; };
		OBJ_6 /* Package.swift */ = {isa = PBXFileReference; explicitFileType = sourcecode.swift; path = Package.swift; sourceTree = "<group>"; };
		OBJ_60 /* Name.swift */ = {isa = PBXFileReference; lastKnownFileType = sourcecode.swift; path = Name.swift; sourceTree = "<group>"; };
		OBJ_61 /* Parsed.swift */ = {isa = PBXFileReference; lastKnownFileType = sourcecode.swift; path = Parsed.swift; sourceTree = "<group>"; };
		OBJ_62 /* ParsedValues.swift */ = {isa = PBXFileReference; lastKnownFileType = sourcecode.swift; path = ParsedValues.swift; sourceTree = "<group>"; };
		OBJ_63 /* ParserError.swift */ = {isa = PBXFileReference; lastKnownFileType = sourcecode.swift; path = ParserError.swift; sourceTree = "<group>"; };
		OBJ_64 /* SplitArguments.swift */ = {isa = PBXFileReference; lastKnownFileType = sourcecode.swift; path = SplitArguments.swift; sourceTree = "<group>"; };
		OBJ_66 /* DumpHelpGenerator.swift */ = {isa = PBXFileReference; lastKnownFileType = sourcecode.swift; path = DumpHelpGenerator.swift; sourceTree = "<group>"; };
		OBJ_67 /* HelpCommand.swift */ = {isa = PBXFileReference; lastKnownFileType = sourcecode.swift; path = HelpCommand.swift; sourceTree = "<group>"; };
		OBJ_68 /* HelpGenerator.swift */ = {isa = PBXFileReference; lastKnownFileType = sourcecode.swift; path = HelpGenerator.swift; sourceTree = "<group>"; };
		OBJ_69 /* MessageInfo.swift */ = {isa = PBXFileReference; lastKnownFileType = sourcecode.swift; path = MessageInfo.swift; sourceTree = "<group>"; };
		OBJ_70 /* UsageGenerator.swift */ = {isa = PBXFileReference; lastKnownFileType = sourcecode.swift; path = UsageGenerator.swift; sourceTree = "<group>"; };
		OBJ_72 /* CollectionExtensions.swift */ = {isa = PBXFileReference; lastKnownFileType = sourcecode.swift; path = CollectionExtensions.swift; sourceTree = "<group>"; };
		OBJ_73 /* SequenceExtensions.swift */ = {isa = PBXFileReference; lastKnownFileType = sourcecode.swift; path = SequenceExtensions.swift; sourceTree = "<group>"; };
		OBJ_74 /* StringExtensions.swift */ = {isa = PBXFileReference; lastKnownFileType = sourcecode.swift; path = StringExtensions.swift; sourceTree = "<group>"; };
		OBJ_75 /* Tree.swift */ = {isa = PBXFileReference; lastKnownFileType = sourcecode.swift; path = Tree.swift; sourceTree = "<group>"; };
		OBJ_77 /* ToolInfo.swift */ = {isa = PBXFileReference; lastKnownFileType = sourcecode.swift; path = ToolInfo.swift; sourceTree = "<group>"; };
		OBJ_78 /* Package.swift */ = {isa = PBXFileReference; explicitFileType = sourcecode.swift; name = Package.swift; path = "/Users/garem/Documents/Projects/Scripts/StoreGenerator/.build/checkouts/swift-argument-parser/Package.swift"; sourceTree = "<group>"; };
		OBJ_81 /* Foundation+Ranges.swift */ = {isa = PBXFileReference; lastKnownFileType = sourcecode.swift; path = "Foundation+Ranges.swift"; sourceTree = "<group>"; };
		OBJ_82 /* MatchResult.swift */ = {isa = PBXFileReference; lastKnownFileType = sourcecode.swift; path = MatchResult.swift; sourceTree = "<group>"; };
		OBJ_83 /* Options.swift */ = {isa = PBXFileReference; lastKnownFileType = sourcecode.swift; path = Options.swift; sourceTree = "<group>"; };
		OBJ_84 /* Regex.swift */ = {isa = PBXFileReference; lastKnownFileType = sourcecode.swift; path = Regex.swift; sourceTree = "<group>"; };
		OBJ_85 /* String+ReplaceMatching.swift */ = {isa = PBXFileReference; lastKnownFileType = sourcecode.swift; path = "String+ReplaceMatching.swift"; sourceTree = "<group>"; };
		OBJ_86 /* ThreadLocal.swift */ = {isa = PBXFileReference; lastKnownFileType = sourcecode.swift; path = ThreadLocal.swift; sourceTree = "<group>"; };
		OBJ_87 /* Package.swift */ = {isa = PBXFileReference; explicitFileType = sourcecode.swift; name = Package.swift; path = /Users/garem/Documents/Projects/Scripts/StoreGenerator/.build/checkouts/Regex/Package.swift; sourceTree = "<group>"; };
		OBJ_89 /* Package.swift */ = {isa = PBXFileReference; explicitFileType = sourcecode.swift; name = Package.swift; path = /Users/garem/Documents/Projects/Scripts/StoreGenerator/.build/checkouts/files/Package.swift; sourceTree = "<group>"; };
		OBJ_9 /* main.swift */ = {isa = PBXFileReference; lastKnownFileType = sourcecode.swift; path = main.swift; sourceTree = "<group>"; };
		OBJ_90 /* Files.swift */ = {isa = PBXFileReference; lastKnownFileType = sourcecode.swift; path = Files.swift; sourceTree = "<group>"; };
		OBJ_99 /* README.md */ = {isa = PBXFileReference; lastKnownFileType = net.daringfireball.markdown; path = README.md; sourceTree = "<group>"; };
		"Regex::Regex::Product" /* Regex.framework */ = {isa = PBXFileReference; lastKnownFileType = wrapper.framework; path = Regex.framework; sourceTree = BUILT_PRODUCTS_DIR; };
		"StoreGenerator::StoreGenerator::Product" /* StoreGenerator */ = {isa = PBXFileReference; lastKnownFileType = text; path = StoreGenerator; sourceTree = BUILT_PRODUCTS_DIR; };
		"StoreGenerator::StoreGeneratorCore::Product" /* StoreGeneratorCore.framework */ = {isa = PBXFileReference; lastKnownFileType = wrapper.framework; path = StoreGeneratorCore.framework; sourceTree = BUILT_PRODUCTS_DIR; };
		"StoreGenerator::StoreGeneratorTests::Product" /* StoreGeneratorTests.xctest */ = {isa = PBXFileReference; lastKnownFileType = file; path = StoreGeneratorTests.xctest; sourceTree = BUILT_PRODUCTS_DIR; };
		"swift-argument-parser::ArgumentParser::Product" /* ArgumentParser.framework */ = {isa = PBXFileReference; lastKnownFileType = wrapper.framework; path = ArgumentParser.framework; sourceTree = BUILT_PRODUCTS_DIR; };
		"swift-argument-parser::ArgumentParserToolInfo::Product" /* ArgumentParserToolInfo.framework */ = {isa = PBXFileReference; lastKnownFileType = wrapper.framework; path = ArgumentParserToolInfo.framework; sourceTree = BUILT_PRODUCTS_DIR; };
/* End PBXFileReference section */

/* Begin PBXFrameworksBuildPhase section */
		OBJ_142 /* Frameworks */ = {
			isa = PBXFrameworksBuildPhase;
			buildActionMask = 0;
			files = (
				OBJ_143 /* ArgumentParserToolInfo.framework in Frameworks */,
			);
			runOnlyForDeploymentPostprocessing = 0;
		};
		OBJ_151 /* Frameworks */ = {
			isa = PBXFrameworksBuildPhase;
			buildActionMask = 0;
			files = (
			);
			runOnlyForDeploymentPostprocessing = 0;
		};
		OBJ_158 /* Frameworks */ = {
			isa = PBXFrameworksBuildPhase;
			buildActionMask = 0;
			files = (
			);
			runOnlyForDeploymentPostprocessing = 0;
		};
		OBJ_176 /* Frameworks */ = {
			isa = PBXFrameworksBuildPhase;
			buildActionMask = 0;
			files = (
			);
			runOnlyForDeploymentPostprocessing = 0;
		};
		OBJ_189 /* Frameworks */ = {
			isa = PBXFrameworksBuildPhase;
			buildActionMask = 0;
			files = (
				OBJ_190 /* StoreGeneratorCore.framework in Frameworks */,
				OBJ_191 /* ArgumentParser.framework in Frameworks */,
				OBJ_192 /* ArgumentParserToolInfo.framework in Frameworks */,
				OBJ_193 /* Regex.framework in Frameworks */,
				OBJ_194 /* Files.framework in Frameworks */,
			);
			runOnlyForDeploymentPostprocessing = 0;
		};
		OBJ_213 /* Frameworks */ = {
			isa = PBXFrameworksBuildPhase;
			buildActionMask = 0;
			files = (
				OBJ_214 /* ArgumentParser.framework in Frameworks */,
				OBJ_215 /* ArgumentParserToolInfo.framework in Frameworks */,
				OBJ_216 /* Regex.framework in Frameworks */,
				OBJ_217 /* Files.framework in Frameworks */,
			);
			runOnlyForDeploymentPostprocessing = 0;
		};
		OBJ_244 /* Frameworks */ = {
			isa = PBXFrameworksBuildPhase;
			buildActionMask = 0;
			files = (
				OBJ_245 /* StoreGeneratorCore.framework in Frameworks */,
				OBJ_246 /* ArgumentParser.framework in Frameworks */,
				OBJ_247 /* ArgumentParserToolInfo.framework in Frameworks */,
				OBJ_248 /* Regex.framework in Frameworks */,
				OBJ_249 /* Files.framework in Frameworks */,
			);
			runOnlyForDeploymentPostprocessing = 0;
		};
/* End PBXFrameworksBuildPhase section */

/* Begin PBXGroup section */
		808F11522702B8AA006E41A2 /* Resources */ = {
			isa = PBXGroup;
			children = (
				808F11532702B8AA006E41A2 /* Expected Outputs */,
				808F115A2702B8AA006E41A2 /* Sources */,
			);
			path = Resources;
			sourceTree = "<group>";
		};
		808F11532702B8AA006E41A2 /* Expected Outputs */ = {
			isa = PBXGroup;
			children = (
				808F11542702B8AA006E41A2 /* ColorsStoreOutput.txt */,
				808F11552702B8AA006E41A2 /* EmptyStringStoreOutput.txt */,
				808F11562702B8AA006E41A2 /* ImagesStoreOutput.txt */,
				808F11572702B8AA006E41A2 /* EmptyImagesStoreOutput.txt */,
				808F11582702B8AA006E41A2 /* EmptyColorsStoreOutput.txt */,
				808F11592702B8AA006E41A2 /* StringStoreOutput.txt */,
			);
			path = "Expected Outputs";
			sourceTree = "<group>";
		};
		808F115A2702B8AA006E41A2 /* Sources */ = {
			isa = PBXGroup;
			children = (
				808F115B2702B8AA006E41A2 /* EmptyStringsSource.strings */,
				808F115C2702B8AA006E41A2 /* EmptyAssetsSource.xcassets */,
				808F115D2702B8AA006E41A2 /* AssetsSource.xcassets */,
				808F115E2702B8AA006E41A2 /* StringsSource.strings */,
			);
			path = Sources;
			sourceTree = "<group>";
		};
		OBJ_10 /* StoreGeneratorCore */ = {
			isa = PBXGroup;
			children = (
				OBJ_11 /* Enums */,
				OBJ_14 /* Generators */,
				OBJ_18 /* Helpers */,
				808F11502702B5EE006E41A2 /* GenerateStoreCommand.swift */,
			);
			name = StoreGeneratorCore;
			path = Sources/StoreGeneratorCore;
			sourceTree = SOURCE_ROOT;
		};
		OBJ_11 /* Enums */ = {
			isa = PBXGroup;
			children = (
				OBJ_12 /* Argument.swift */,
				OBJ_13 /* Type.swift */,
			);
			path = Enums;
			sourceTree = "<group>";
		};
		OBJ_14 /* Generators */ = {
			isa = PBXGroup;
			children = (
				OBJ_15 /* ColorsStoreGenerator.swift */,
				OBJ_16 /* ImagesStoreGenerator.swift */,
				OBJ_17 /* StringsStoreGenerator.swift */,
				OBJ_21 /* StoreGenerator.swift */,
			);
			path = Generators;
			sourceTree = "<group>";
		};
		OBJ_18 /* Helpers */ = {
			isa = PBXGroup;
			children = (
				OBJ_19 /* File+Additions.swift */,
				OBJ_20 /* Resources.swift */,
				80BD20722705582600976B33 /* Constants.swift */,
			);
			path = Helpers;
			sourceTree = "<group>";
		};
		OBJ_22 /* Tests */ = {
			isa = PBXGroup;
			children = (
				OBJ_23 /* StoreGeneratorTests */,
			);
			name = Tests;
			sourceTree = SOURCE_ROOT;
		};
		OBJ_23 /* StoreGeneratorTests */ = {
			isa = PBXGroup;
			children = (
				808F11522702B8AA006E41A2 /* Resources */,
				OBJ_24 /* ArgumentTests.swift */,
				OBJ_25 /* ColorsStoreGeneratorTests.swift */,
				OBJ_26 /* ImagesStoreGeneratorTests.swift */,
				OBJ_28 /* StringsStoreGeneratorTests.swift */,
				OBJ_29 /* TypeTests.swift */,
				808F116A2702BBC2006E41A2 /* StoreGeneratorTests.swift */,
			);
			name = StoreGeneratorTests;
			path = Tests/StoreGeneratorTests;
			sourceTree = SOURCE_ROOT;
		};
		OBJ_30 /* Dependencies */ = {
			isa = PBXGroup;
			children = (
				OBJ_31 /* swift-argument-parser 1.0.1 */,
				OBJ_79 /* Regex 2.1.1 */,
				OBJ_88 /* Files 4.1.1 */,
			);
			name = Dependencies;
			sourceTree = "<group>";
		};
		OBJ_31 /* swift-argument-parser 1.0.1 */ = {
			isa = PBXGroup;
			children = (
				OBJ_32 /* ArgumentParser */,
				OBJ_76 /* ArgumentParserToolInfo */,
				OBJ_78 /* Package.swift */,
			);
			name = "swift-argument-parser 1.0.1";
			sourceTree = SOURCE_ROOT;
		};
		OBJ_32 /* ArgumentParser */ = {
			isa = PBXGroup;
			children = (
				OBJ_33 /* Completions */,
				OBJ_38 /* Parsable Properties */,
				OBJ_47 /* Parsable Types */,
				OBJ_54 /* Parsing */,
				OBJ_65 /* Usage */,
				OBJ_71 /* Utilities */,
			);
			name = ArgumentParser;
			path = ".build/checkouts/swift-argument-parser/Sources/ArgumentParser";
			sourceTree = SOURCE_ROOT;
		};
		OBJ_33 /* Completions */ = {
			isa = PBXGroup;
			children = (
				OBJ_34 /* BashCompletionsGenerator.swift */,
				OBJ_35 /* CompletionsGenerator.swift */,
				OBJ_36 /* FishCompletionsGenerator.swift */,
				OBJ_37 /* ZshCompletionsGenerator.swift */,
			);
			path = Completions;
			sourceTree = "<group>";
		};
		OBJ_38 /* Parsable Properties */ = {
			isa = PBXGroup;
			children = (
				OBJ_39 /* Argument.swift */,
				OBJ_40 /* ArgumentHelp.swift */,
				OBJ_41 /* CompletionKind.swift */,
				OBJ_42 /* Errors.swift */,
				OBJ_43 /* Flag.swift */,
				OBJ_44 /* NameSpecification.swift */,
				OBJ_45 /* Option.swift */,
				OBJ_46 /* OptionGroup.swift */,
			);
			path = "Parsable Properties";
			sourceTree = "<group>";
		};
		OBJ_47 /* Parsable Types */ = {
			isa = PBXGroup;
			children = (
				OBJ_48 /* CommandConfiguration.swift */,
				OBJ_49 /* EnumerableFlag.swift */,
				OBJ_50 /* ExpressibleByArgument.swift */,
				OBJ_51 /* ParsableArguments.swift */,
				OBJ_52 /* ParsableArgumentsValidation.swift */,
				OBJ_53 /* ParsableCommand.swift */,
			);
			path = "Parsable Types";
			sourceTree = "<group>";
		};
		OBJ_5 = {
			isa = PBXGroup;
			children = (
				OBJ_6 /* Package.swift */,
				OBJ_7 /* Sources */,
				OBJ_22 /* Tests */,
				OBJ_30 /* Dependencies */,
				OBJ_91 /* Products */,
				OBJ_99 /* README.md */,
			);
			sourceTree = "<group>";
		};
		OBJ_54 /* Parsing */ = {
			isa = PBXGroup;
			children = (
				OBJ_55 /* ArgumentDecoder.swift */,
				OBJ_56 /* ArgumentDefinition.swift */,
				OBJ_57 /* ArgumentSet.swift */,
				OBJ_58 /* CommandParser.swift */,
				OBJ_59 /* InputOrigin.swift */,
				OBJ_60 /* Name.swift */,
				OBJ_61 /* Parsed.swift */,
				OBJ_62 /* ParsedValues.swift */,
				OBJ_63 /* ParserError.swift */,
				OBJ_64 /* SplitArguments.swift */,
			);
			path = Parsing;
			sourceTree = "<group>";
		};
		OBJ_65 /* Usage */ = {
			isa = PBXGroup;
			children = (
				OBJ_66 /* DumpHelpGenerator.swift */,
				OBJ_67 /* HelpCommand.swift */,
				OBJ_68 /* HelpGenerator.swift */,
				OBJ_69 /* MessageInfo.swift */,
				OBJ_70 /* UsageGenerator.swift */,
			);
			path = Usage;
			sourceTree = "<group>";
		};
		OBJ_7 /* Sources */ = {
			isa = PBXGroup;
			children = (
				OBJ_8 /* StoreGenerator */,
				OBJ_10 /* StoreGeneratorCore */,
			);
			name = Sources;
			sourceTree = SOURCE_ROOT;
		};
		OBJ_71 /* Utilities */ = {
			isa = PBXGroup;
			children = (
				OBJ_72 /* CollectionExtensions.swift */,
				OBJ_73 /* SequenceExtensions.swift */,
				OBJ_74 /* StringExtensions.swift */,
				OBJ_75 /* Tree.swift */,
			);
			path = Utilities;
			sourceTree = "<group>";
		};
		OBJ_76 /* ArgumentParserToolInfo */ = {
			isa = PBXGroup;
			children = (
				OBJ_77 /* ToolInfo.swift */,
			);
			name = ArgumentParserToolInfo;
			path = ".build/checkouts/swift-argument-parser/Sources/ArgumentParserToolInfo";
			sourceTree = SOURCE_ROOT;
		};
		OBJ_79 /* Regex 2.1.1 */ = {
			isa = PBXGroup;
			children = (
				OBJ_80 /* Regex */,
				OBJ_87 /* Package.swift */,
			);
			name = "Regex 2.1.1";
			sourceTree = SOURCE_ROOT;
		};
		OBJ_8 /* StoreGenerator */ = {
			isa = PBXGroup;
			children = (
				OBJ_9 /* main.swift */,
			);
			name = StoreGenerator;
			path = Sources/StoreGenerator;
			sourceTree = SOURCE_ROOT;
		};
		OBJ_80 /* Regex */ = {
			isa = PBXGroup;
			children = (
				OBJ_81 /* Foundation+Ranges.swift */,
				OBJ_82 /* MatchResult.swift */,
				OBJ_83 /* Options.swift */,
				OBJ_84 /* Regex.swift */,
				OBJ_85 /* String+ReplaceMatching.swift */,
				OBJ_86 /* ThreadLocal.swift */,
			);
			name = Regex;
			path = .build/checkouts/Regex/Source/Regex;
			sourceTree = SOURCE_ROOT;
		};
		OBJ_88 /* Files 4.1.1 */ = {
			isa = PBXGroup;
			children = (
				OBJ_89 /* Package.swift */,
				OBJ_90 /* Files.swift */,
			);
			name = "Files 4.1.1";
			path = .build/checkouts/files/Sources;
			sourceTree = SOURCE_ROOT;
		};
		OBJ_91 /* Products */ = {
			isa = PBXGroup;
			children = (
				"swift-argument-parser::ArgumentParser::Product" /* ArgumentParser.framework */,
				"swift-argument-parser::ArgumentParserToolInfo::Product" /* ArgumentParserToolInfo.framework */,
				"Files::Files::Product" /* Files.framework */,
				"Regex::Regex::Product" /* Regex.framework */,
				"StoreGenerator::StoreGenerator::Product" /* StoreGenerator */,
				"StoreGenerator::StoreGeneratorCore::Product" /* StoreGeneratorCore.framework */,
				"StoreGenerator::StoreGeneratorTests::Product" /* StoreGeneratorTests.xctest */,
			);
			name = Products;
			sourceTree = BUILT_PRODUCTS_DIR;
		};
/* End PBXGroup section */

/* Begin PBXNativeTarget section */
		"Files::Files" /* Files */ = {
			isa = PBXNativeTarget;
			buildConfigurationList = OBJ_153 /* Build configuration list for PBXNativeTarget "Files" */;
			buildPhases = (
				OBJ_156 /* Sources */,
				OBJ_158 /* Frameworks */,
			);
			buildRules = (
			);
			dependencies = (
			);
			name = Files;
			productName = Files;
			productReference = "Files::Files::Product" /* Files.framework */;
			productType = "com.apple.product-type.framework";
		};
		"Files::SwiftPMPackageDescription" /* FilesPackageDescription */ = {
			isa = PBXNativeTarget;
			buildConfigurationList = OBJ_160 /* Build configuration list for PBXNativeTarget "FilesPackageDescription" */;
			buildPhases = (
				OBJ_163 /* Sources */,
			);
			buildRules = (
			);
			dependencies = (
			);
			name = FilesPackageDescription;
			productName = FilesPackageDescription;
			productType = "com.apple.product-type.framework";
		};
		"Regex::Regex" /* Regex */ = {
			isa = PBXNativeTarget;
			buildConfigurationList = OBJ_166 /* Build configuration list for PBXNativeTarget "Regex" */;
			buildPhases = (
				OBJ_169 /* Sources */,
				OBJ_176 /* Frameworks */,
			);
			buildRules = (
			);
			dependencies = (
			);
			name = Regex;
			productName = Regex;
			productReference = "Regex::Regex::Product" /* Regex.framework */;
			productType = "com.apple.product-type.framework";
		};
		"Regex::SwiftPMPackageDescription" /* RegexPackageDescription */ = {
			isa = PBXNativeTarget;
			buildConfigurationList = OBJ_178 /* Build configuration list for PBXNativeTarget "RegexPackageDescription" */;
			buildPhases = (
				OBJ_181 /* Sources */,
			);
			buildRules = (
			);
			dependencies = (
			);
			name = RegexPackageDescription;
			productName = RegexPackageDescription;
			productType = "com.apple.product-type.framework";
		};
		"StoreGenerator::StoreGenerator" /* StoreGenerator */ = {
			isa = PBXNativeTarget;
			buildConfigurationList = OBJ_184 /* Build configuration list for PBXNativeTarget "StoreGenerator" */;
			buildPhases = (
				OBJ_187 /* Sources */,
				OBJ_189 /* Frameworks */,
			);
			buildRules = (
			);
			dependencies = (
				OBJ_195 /* PBXTargetDependency */,
				OBJ_197 /* PBXTargetDependency */,
				OBJ_198 /* PBXTargetDependency */,
				OBJ_199 /* PBXTargetDependency */,
				OBJ_200 /* PBXTargetDependency */,
			);
			name = StoreGenerator;
			productName = StoreGenerator;
			productReference = "StoreGenerator::StoreGenerator::Product" /* StoreGenerator */;
			productType = "com.apple.product-type.tool";
		};
		"StoreGenerator::StoreGeneratorCore" /* StoreGeneratorCore */ = {
			isa = PBXNativeTarget;
			buildConfigurationList = OBJ_201 /* Build configuration list for PBXNativeTarget "StoreGeneratorCore" */;
			buildPhases = (
				OBJ_204 /* Sources */,
				OBJ_213 /* Frameworks */,
			);
			buildRules = (
			);
			dependencies = (
				OBJ_218 /* PBXTargetDependency */,
				OBJ_219 /* PBXTargetDependency */,
				OBJ_220 /* PBXTargetDependency */,
				OBJ_221 /* PBXTargetDependency */,
			);
			name = StoreGeneratorCore;
			productName = StoreGeneratorCore;
			productReference = "StoreGenerator::StoreGeneratorCore::Product" /* StoreGeneratorCore.framework */;
			productType = "com.apple.product-type.framework";
		};
		"StoreGenerator::StoreGeneratorTests" /* StoreGeneratorTests */ = {
			isa = PBXNativeTarget;
			buildConfigurationList = OBJ_234 /* Build configuration list for PBXNativeTarget "StoreGeneratorTests" */;
			buildPhases = (
				OBJ_237 /* Sources */,
				OBJ_244 /* Frameworks */,
				808F115F2702B8B4006E41A2 /* CopyFiles */,
			);
			buildRules = (
			);
			dependencies = (
				OBJ_250 /* PBXTargetDependency */,
				OBJ_251 /* PBXTargetDependency */,
				OBJ_252 /* PBXTargetDependency */,
				OBJ_253 /* PBXTargetDependency */,
				OBJ_254 /* PBXTargetDependency */,
			);
			name = StoreGeneratorTests;
			productName = StoreGeneratorTests;
			productReference = "StoreGenerator::StoreGeneratorTests::Product" /* StoreGeneratorTests.xctest */;
			productType = "com.apple.product-type.bundle.unit-test";
		};
		"StoreGenerator::SwiftPMPackageDescription" /* StoreGeneratorPackageDescription */ = {
			isa = PBXNativeTarget;
			buildConfigurationList = OBJ_223 /* Build configuration list for PBXNativeTarget "StoreGeneratorPackageDescription" */;
			buildPhases = (
				OBJ_226 /* Sources */,
			);
			buildRules = (
			);
			dependencies = (
			);
			name = StoreGeneratorPackageDescription;
			productName = StoreGeneratorPackageDescription;
			productType = "com.apple.product-type.framework";
		};
		"swift-argument-parser::ArgumentParser" /* ArgumentParser */ = {
			isa = PBXNativeTarget;
			buildConfigurationList = OBJ_101 /* Build configuration list for PBXNativeTarget "ArgumentParser" */;
			buildPhases = (
				OBJ_104 /* Sources */,
				OBJ_142 /* Frameworks */,
			);
			buildRules = (
			);
			dependencies = (
				OBJ_144 /* PBXTargetDependency */,
			);
			name = ArgumentParser;
			productName = ArgumentParser;
			productReference = "swift-argument-parser::ArgumentParser::Product" /* ArgumentParser.framework */;
			productType = "com.apple.product-type.framework";
		};
		"swift-argument-parser::ArgumentParserToolInfo" /* ArgumentParserToolInfo */ = {
			isa = PBXNativeTarget;
			buildConfigurationList = OBJ_146 /* Build configuration list for PBXNativeTarget "ArgumentParserToolInfo" */;
			buildPhases = (
				OBJ_149 /* Sources */,
				OBJ_151 /* Frameworks */,
			);
			buildRules = (
			);
			dependencies = (
			);
			name = ArgumentParserToolInfo;
			productName = ArgumentParserToolInfo;
			productReference = "swift-argument-parser::ArgumentParserToolInfo::Product" /* ArgumentParserToolInfo.framework */;
			productType = "com.apple.product-type.framework";
		};
		"swift-argument-parser::SwiftPMPackageDescription" /* swift-argument-parserPackageDescription */ = {
			isa = PBXNativeTarget;
			buildConfigurationList = OBJ_256 /* Build configuration list for PBXNativeTarget "swift-argument-parserPackageDescription" */;
			buildPhases = (
				OBJ_259 /* Sources */,
			);
			buildRules = (
			);
			dependencies = (
			);
			name = "swift-argument-parserPackageDescription";
			productName = "swift-argument-parserPackageDescription";
			productType = "com.apple.product-type.framework";
		};
/* End PBXNativeTarget section */

/* Begin PBXProject section */
		OBJ_1 /* Project object */ = {
			isa = PBXProject;
			attributes = {
				LastSwiftMigration = 9999;
				LastUpgradeCheck = 9999;
			};
			buildConfigurationList = OBJ_2 /* Build configuration list for PBXProject "StoreGenerator" */;
			compatibilityVersion = "Xcode 3.2";
			developmentRegion = en;
			hasScannedForEncodings = 0;
			knownRegions = (
				en,
			);
			mainGroup = OBJ_5;
			productRefGroup = OBJ_91 /* Products */;
			projectDirPath = "";
			projectRoot = "";
			targets = (
				"swift-argument-parser::ArgumentParser" /* ArgumentParser */,
				"swift-argument-parser::ArgumentParserToolInfo" /* ArgumentParserToolInfo */,
				"Files::Files" /* Files */,
				"Files::SwiftPMPackageDescription" /* FilesPackageDescription */,
				"Regex::Regex" /* Regex */,
				"Regex::SwiftPMPackageDescription" /* RegexPackageDescription */,
				"StoreGenerator::StoreGenerator" /* StoreGenerator */,
				"StoreGenerator::StoreGeneratorCore" /* StoreGeneratorCore */,
				"StoreGenerator::SwiftPMPackageDescription" /* StoreGeneratorPackageDescription */,
				"StoreGenerator::StoreGeneratorPackageTests::ProductTarget" /* StoreGeneratorPackageTests */,
				"StoreGenerator::StoreGeneratorTests" /* StoreGeneratorTests */,
				"swift-argument-parser::SwiftPMPackageDescription" /* swift-argument-parserPackageDescription */,
			);
		};
/* End PBXProject section */

/* Begin PBXSourcesBuildPhase section */
		OBJ_104 /* Sources */ = {
			isa = PBXSourcesBuildPhase;
			buildActionMask = 0;
			files = (
				OBJ_105 /* BashCompletionsGenerator.swift in Sources */,
				OBJ_106 /* CompletionsGenerator.swift in Sources */,
				OBJ_107 /* FishCompletionsGenerator.swift in Sources */,
				OBJ_108 /* ZshCompletionsGenerator.swift in Sources */,
				OBJ_109 /* Argument.swift in Sources */,
				OBJ_110 /* ArgumentHelp.swift in Sources */,
				OBJ_111 /* CompletionKind.swift in Sources */,
				OBJ_112 /* Errors.swift in Sources */,
				OBJ_113 /* Flag.swift in Sources */,
				OBJ_114 /* NameSpecification.swift in Sources */,
				OBJ_115 /* Option.swift in Sources */,
				OBJ_116 /* OptionGroup.swift in Sources */,
				OBJ_117 /* CommandConfiguration.swift in Sources */,
				OBJ_118 /* EnumerableFlag.swift in Sources */,
				OBJ_119 /* ExpressibleByArgument.swift in Sources */,
				OBJ_120 /* ParsableArguments.swift in Sources */,
				OBJ_121 /* ParsableArgumentsValidation.swift in Sources */,
				OBJ_122 /* ParsableCommand.swift in Sources */,
				OBJ_123 /* ArgumentDecoder.swift in Sources */,
				OBJ_124 /* ArgumentDefinition.swift in Sources */,
				OBJ_125 /* ArgumentSet.swift in Sources */,
				OBJ_126 /* CommandParser.swift in Sources */,
				OBJ_127 /* InputOrigin.swift in Sources */,
				OBJ_128 /* Name.swift in Sources */,
				OBJ_129 /* Parsed.swift in Sources */,
				OBJ_130 /* ParsedValues.swift in Sources */,
				OBJ_131 /* ParserError.swift in Sources */,
				OBJ_132 /* SplitArguments.swift in Sources */,
				OBJ_133 /* DumpHelpGenerator.swift in Sources */,
				OBJ_134 /* HelpCommand.swift in Sources */,
				OBJ_135 /* HelpGenerator.swift in Sources */,
				OBJ_136 /* MessageInfo.swift in Sources */,
				OBJ_137 /* UsageGenerator.swift in Sources */,
				OBJ_138 /* CollectionExtensions.swift in Sources */,
				OBJ_139 /* SequenceExtensions.swift in Sources */,
				OBJ_140 /* StringExtensions.swift in Sources */,
				OBJ_141 /* Tree.swift in Sources */,
			);
			runOnlyForDeploymentPostprocessing = 0;
		};
		OBJ_149 /* Sources */ = {
			isa = PBXSourcesBuildPhase;
			buildActionMask = 0;
			files = (
				OBJ_150 /* ToolInfo.swift in Sources */,
			);
			runOnlyForDeploymentPostprocessing = 0;
		};
		OBJ_156 /* Sources */ = {
			isa = PBXSourcesBuildPhase;
			buildActionMask = 0;
			files = (
				OBJ_157 /* Files.swift in Sources */,
			);
			runOnlyForDeploymentPostprocessing = 0;
		};
		OBJ_163 /* Sources */ = {
			isa = PBXSourcesBuildPhase;
			buildActionMask = 0;
			files = (
				OBJ_164 /* Package.swift in Sources */,
			);
			runOnlyForDeploymentPostprocessing = 0;
		};
		OBJ_169 /* Sources */ = {
			isa = PBXSourcesBuildPhase;
			buildActionMask = 0;
			files = (
				OBJ_170 /* Foundation+Ranges.swift in Sources */,
				OBJ_171 /* MatchResult.swift in Sources */,
				OBJ_172 /* Options.swift in Sources */,
				OBJ_173 /* Regex.swift in Sources */,
				OBJ_174 /* String+ReplaceMatching.swift in Sources */,
				OBJ_175 /* ThreadLocal.swift in Sources */,
			);
			runOnlyForDeploymentPostprocessing = 0;
		};
		OBJ_181 /* Sources */ = {
			isa = PBXSourcesBuildPhase;
			buildActionMask = 0;
			files = (
				OBJ_182 /* Package.swift in Sources */,
			);
			runOnlyForDeploymentPostprocessing = 0;
		};
		OBJ_187 /* Sources */ = {
			isa = PBXSourcesBuildPhase;
			buildActionMask = 0;
			files = (
				OBJ_188 /* main.swift in Sources */,
			);
			runOnlyForDeploymentPostprocessing = 0;
		};
		OBJ_204 /* Sources */ = {
			isa = PBXSourcesBuildPhase;
			buildActionMask = 0;
			files = (
				808F11512702B5EE006E41A2 /* GenerateStoreCommand.swift in Sources */,
				OBJ_205 /* Argument.swift in Sources */,
				OBJ_206 /* Type.swift in Sources */,
				OBJ_207 /* ColorsStoreGenerator.swift in Sources */,
				OBJ_208 /* ImagesStoreGenerator.swift in Sources */,
				80BD20732705582600976B33 /* Constants.swift in Sources */,
				OBJ_209 /* StringsStoreGenerator.swift in Sources */,
				OBJ_210 /* File+Additions.swift in Sources */,
				OBJ_211 /* Resources.swift in Sources */,
				OBJ_212 /* StoreGenerator.swift in Sources */,
			);
			runOnlyForDeploymentPostprocessing = 0;
		};
		OBJ_226 /* Sources */ = {
			isa = PBXSourcesBuildPhase;
			buildActionMask = 0;
			files = (
				OBJ_227 /* Package.swift in Sources */,
			);
			runOnlyForDeploymentPostprocessing = 0;
		};
		OBJ_237 /* Sources */ = {
			isa = PBXSourcesBuildPhase;
			buildActionMask = 0;
			files = (
				OBJ_238 /* ArgumentTests.swift in Sources */,
				OBJ_239 /* ColorsStoreGeneratorTests.swift in Sources */,
				808F116B2702BBC2006E41A2 /* StoreGeneratorTests.swift in Sources */,
				OBJ_240 /* ImagesStoreGeneratorTests.swift in Sources */,
				OBJ_242 /* StringsStoreGeneratorTests.swift in Sources */,
				OBJ_243 /* TypeTests.swift in Sources */,
			);
			runOnlyForDeploymentPostprocessing = 0;
		};
		OBJ_259 /* Sources */ = {
			isa = PBXSourcesBuildPhase;
			buildActionMask = 0;
			files = (
				OBJ_260 /* Package.swift in Sources */,
			);
			runOnlyForDeploymentPostprocessing = 0;
		};
/* End PBXSourcesBuildPhase section */

/* Begin PBXTargetDependency section */
		OBJ_144 /* PBXTargetDependency */ = {
			isa = PBXTargetDependency;
			target = "swift-argument-parser::ArgumentParserToolInfo" /* ArgumentParserToolInfo */;
			targetProxy = 808F11422702A93E006E41A2 /* PBXContainerItemProxy */;
		};
		OBJ_195 /* PBXTargetDependency */ = {
			isa = PBXTargetDependency;
			target = "StoreGenerator::StoreGeneratorCore" /* StoreGeneratorCore */;
			targetProxy = 808F11402702A93E006E41A2 /* PBXContainerItemProxy */;
		};
		OBJ_197 /* PBXTargetDependency */ = {
			isa = PBXTargetDependency;
			target = "swift-argument-parser::ArgumentParser" /* ArgumentParser */;
			targetProxy = 808F11462702A93E006E41A2 /* PBXContainerItemProxy */;
		};
		OBJ_198 /* PBXTargetDependency */ = {
			isa = PBXTargetDependency;
			target = "swift-argument-parser::ArgumentParserToolInfo" /* ArgumentParserToolInfo */;
			targetProxy = 808F11472702A93E006E41A2 /* PBXContainerItemProxy */;
		};
		OBJ_199 /* PBXTargetDependency */ = {
			isa = PBXTargetDependency;
			target = "Regex::Regex" /* Regex */;
			targetProxy = 808F11482702A93E006E41A2 /* PBXContainerItemProxy */;
		};
		OBJ_200 /* PBXTargetDependency */ = {
			isa = PBXTargetDependency;
			target = "Files::Files" /* Files */;
			targetProxy = 808F11492702A93E006E41A2 /* PBXContainerItemProxy */;
		};
		OBJ_218 /* PBXTargetDependency */ = {
			isa = PBXTargetDependency;
			target = "swift-argument-parser::ArgumentParser" /* ArgumentParser */;
			targetProxy = 808F11412702A93E006E41A2 /* PBXContainerItemProxy */;
		};
		OBJ_219 /* PBXTargetDependency */ = {
			isa = PBXTargetDependency;
			target = "swift-argument-parser::ArgumentParserToolInfo" /* ArgumentParserToolInfo */;
			targetProxy = 808F11432702A93E006E41A2 /* PBXContainerItemProxy */;
		};
		OBJ_220 /* PBXTargetDependency */ = {
			isa = PBXTargetDependency;
			target = "Regex::Regex" /* Regex */;
			targetProxy = 808F11442702A93E006E41A2 /* PBXContainerItemProxy */;
		};
		OBJ_221 /* PBXTargetDependency */ = {
			isa = PBXTargetDependency;
			target = "Files::Files" /* Files */;
			targetProxy = 808F11452702A93E006E41A2 /* PBXContainerItemProxy */;
		};
		OBJ_232 /* PBXTargetDependency */ = {
			isa = PBXTargetDependency;
			target = "StoreGenerator::StoreGeneratorTests" /* StoreGeneratorTests */;
			targetProxy = 808F114F2702A942006E41A2 /* PBXContainerItemProxy */;
		};
		OBJ_250 /* PBXTargetDependency */ = {
			isa = PBXTargetDependency;
			target = "StoreGenerator::StoreGeneratorCore" /* StoreGeneratorCore */;
			targetProxy = 808F114A2702A940006E41A2 /* PBXContainerItemProxy */;
		};
		OBJ_251 /* PBXTargetDependency */ = {
			isa = PBXTargetDependency;
			target = "swift-argument-parser::ArgumentParser" /* ArgumentParser */;
			targetProxy = 808F114B2702A940006E41A2 /* PBXContainerItemProxy */;
		};
		OBJ_252 /* PBXTargetDependency */ = {
			isa = PBXTargetDependency;
			target = "swift-argument-parser::ArgumentParserToolInfo" /* ArgumentParserToolInfo */;
			targetProxy = 808F114C2702A940006E41A2 /* PBXContainerItemProxy */;
		};
		OBJ_253 /* PBXTargetDependency */ = {
			isa = PBXTargetDependency;
			target = "Regex::Regex" /* Regex */;
			targetProxy = 808F114D2702A940006E41A2 /* PBXContainerItemProxy */;
		};
		OBJ_254 /* PBXTargetDependency */ = {
			isa = PBXTargetDependency;
			target = "Files::Files" /* Files */;
			targetProxy = 808F114E2702A940006E41A2 /* PBXContainerItemProxy */;
		};
/* End PBXTargetDependency section */

/* Begin XCBuildConfiguration section */
		OBJ_102 /* Debug */ = {
			isa = XCBuildConfiguration;
			buildSettings = {
				CURRENT_PROJECT_VERSION = 1;
				ENABLE_TESTABILITY = YES;
				FRAMEWORK_SEARCH_PATHS = (
					"$(inherited)",
					"$(PLATFORM_DIR)/Developer/Library/Frameworks",
				);
				HEADER_SEARCH_PATHS = "$(inherited)";
				INFOPLIST_FILE = StoreGenerator.xcodeproj/ArgumentParser_Info.plist;
				IPHONEOS_DEPLOYMENT_TARGET = 9.0;
				LD_RUNPATH_SEARCH_PATHS = "$(inherited) $(TOOLCHAIN_DIR)/usr/lib/swift/macosx";
				MACOSX_DEPLOYMENT_TARGET = 10.10;
				OTHER_CFLAGS = "$(inherited)";
				OTHER_LDFLAGS = "$(inherited)";
				OTHER_SWIFT_FLAGS = "$(inherited)";
				PRODUCT_BUNDLE_IDENTIFIER = ArgumentParser;
				PRODUCT_MODULE_NAME = "$(TARGET_NAME:c99extidentifier)";
				PRODUCT_NAME = "$(TARGET_NAME:c99extidentifier)";
				SKIP_INSTALL = YES;
				SWIFT_ACTIVE_COMPILATION_CONDITIONS = "$(inherited)";
				SWIFT_VERSION = 5.0;
				TARGET_NAME = ArgumentParser;
				TVOS_DEPLOYMENT_TARGET = 9.0;
				WATCHOS_DEPLOYMENT_TARGET = 2.0;
			};
			name = Debug;
		};
		OBJ_103 /* Release */ = {
			isa = XCBuildConfiguration;
			buildSettings = {
				CURRENT_PROJECT_VERSION = 1;
				ENABLE_TESTABILITY = YES;
				FRAMEWORK_SEARCH_PATHS = (
					"$(inherited)",
					"$(PLATFORM_DIR)/Developer/Library/Frameworks",
				);
				HEADER_SEARCH_PATHS = "$(inherited)";
				INFOPLIST_FILE = StoreGenerator.xcodeproj/ArgumentParser_Info.plist;
				IPHONEOS_DEPLOYMENT_TARGET = 9.0;
				LD_RUNPATH_SEARCH_PATHS = "$(inherited) $(TOOLCHAIN_DIR)/usr/lib/swift/macosx";
				MACOSX_DEPLOYMENT_TARGET = 10.10;
				OTHER_CFLAGS = "$(inherited)";
				OTHER_LDFLAGS = "$(inherited)";
				OTHER_SWIFT_FLAGS = "$(inherited)";
				PRODUCT_BUNDLE_IDENTIFIER = ArgumentParser;
				PRODUCT_MODULE_NAME = "$(TARGET_NAME:c99extidentifier)";
				PRODUCT_NAME = "$(TARGET_NAME:c99extidentifier)";
				SKIP_INSTALL = YES;
				SWIFT_ACTIVE_COMPILATION_CONDITIONS = "$(inherited)";
				SWIFT_VERSION = 5.0;
				TARGET_NAME = ArgumentParser;
				TVOS_DEPLOYMENT_TARGET = 9.0;
				WATCHOS_DEPLOYMENT_TARGET = 2.0;
			};
			name = Release;
		};
		OBJ_147 /* Debug */ = {
			isa = XCBuildConfiguration;
			buildSettings = {
				CURRENT_PROJECT_VERSION = 1;
				ENABLE_TESTABILITY = YES;
				FRAMEWORK_SEARCH_PATHS = (
					"$(inherited)",
					"$(PLATFORM_DIR)/Developer/Library/Frameworks",
				);
				HEADER_SEARCH_PATHS = "$(inherited)";
				INFOPLIST_FILE = StoreGenerator.xcodeproj/ArgumentParserToolInfo_Info.plist;
				IPHONEOS_DEPLOYMENT_TARGET = 9.0;
				LD_RUNPATH_SEARCH_PATHS = "$(inherited) $(TOOLCHAIN_DIR)/usr/lib/swift/macosx";
				MACOSX_DEPLOYMENT_TARGET = 10.10;
				OTHER_CFLAGS = "$(inherited)";
				OTHER_LDFLAGS = "$(inherited)";
				OTHER_SWIFT_FLAGS = "$(inherited)";
				PRODUCT_BUNDLE_IDENTIFIER = ArgumentParserToolInfo;
				PRODUCT_MODULE_NAME = "$(TARGET_NAME:c99extidentifier)";
				PRODUCT_NAME = "$(TARGET_NAME:c99extidentifier)";
				SKIP_INSTALL = YES;
				SWIFT_ACTIVE_COMPILATION_CONDITIONS = "$(inherited)";
				SWIFT_VERSION = 5.0;
				TARGET_NAME = ArgumentParserToolInfo;
				TVOS_DEPLOYMENT_TARGET = 9.0;
				WATCHOS_DEPLOYMENT_TARGET = 2.0;
			};
			name = Debug;
		};
		OBJ_148 /* Release */ = {
			isa = XCBuildConfiguration;
			buildSettings = {
				CURRENT_PROJECT_VERSION = 1;
				ENABLE_TESTABILITY = YES;
				FRAMEWORK_SEARCH_PATHS = (
					"$(inherited)",
					"$(PLATFORM_DIR)/Developer/Library/Frameworks",
				);
				HEADER_SEARCH_PATHS = "$(inherited)";
				INFOPLIST_FILE = StoreGenerator.xcodeproj/ArgumentParserToolInfo_Info.plist;
				IPHONEOS_DEPLOYMENT_TARGET = 9.0;
				LD_RUNPATH_SEARCH_PATHS = "$(inherited) $(TOOLCHAIN_DIR)/usr/lib/swift/macosx";
				MACOSX_DEPLOYMENT_TARGET = 10.10;
				OTHER_CFLAGS = "$(inherited)";
				OTHER_LDFLAGS = "$(inherited)";
				OTHER_SWIFT_FLAGS = "$(inherited)";
				PRODUCT_BUNDLE_IDENTIFIER = ArgumentParserToolInfo;
				PRODUCT_MODULE_NAME = "$(TARGET_NAME:c99extidentifier)";
				PRODUCT_NAME = "$(TARGET_NAME:c99extidentifier)";
				SKIP_INSTALL = YES;
				SWIFT_ACTIVE_COMPILATION_CONDITIONS = "$(inherited)";
				SWIFT_VERSION = 5.0;
				TARGET_NAME = ArgumentParserToolInfo;
				TVOS_DEPLOYMENT_TARGET = 9.0;
				WATCHOS_DEPLOYMENT_TARGET = 2.0;
			};
			name = Release;
		};
		OBJ_154 /* Debug */ = {
			isa = XCBuildConfiguration;
			buildSettings = {
				CURRENT_PROJECT_VERSION = 1;
				ENABLE_TESTABILITY = YES;
				FRAMEWORK_SEARCH_PATHS = (
					"$(inherited)",
					"$(PLATFORM_DIR)/Developer/Library/Frameworks",
				);
				HEADER_SEARCH_PATHS = "$(inherited)";
				INFOPLIST_FILE = StoreGenerator.xcodeproj/Files_Info.plist;
				IPHONEOS_DEPLOYMENT_TARGET = 9.0;
				LD_RUNPATH_SEARCH_PATHS = "$(inherited) $(TOOLCHAIN_DIR)/usr/lib/swift/macosx";
				MACOSX_DEPLOYMENT_TARGET = 10.10;
				OTHER_CFLAGS = "$(inherited)";
				OTHER_LDFLAGS = "$(inherited)";
				OTHER_SWIFT_FLAGS = "$(inherited)";
				PRODUCT_BUNDLE_IDENTIFIER = Files;
				PRODUCT_MODULE_NAME = "$(TARGET_NAME:c99extidentifier)";
				PRODUCT_NAME = "$(TARGET_NAME:c99extidentifier)";
				SKIP_INSTALL = YES;
				SWIFT_ACTIVE_COMPILATION_CONDITIONS = "$(inherited)";
				SWIFT_VERSION = 5.0;
				TARGET_NAME = Files;
				TVOS_DEPLOYMENT_TARGET = 9.0;
				WATCHOS_DEPLOYMENT_TARGET = 2.0;
			};
			name = Debug;
		};
		OBJ_155 /* Release */ = {
			isa = XCBuildConfiguration;
			buildSettings = {
				CURRENT_PROJECT_VERSION = 1;
				ENABLE_TESTABILITY = YES;
				FRAMEWORK_SEARCH_PATHS = (
					"$(inherited)",
					"$(PLATFORM_DIR)/Developer/Library/Frameworks",
				);
				HEADER_SEARCH_PATHS = "$(inherited)";
				INFOPLIST_FILE = StoreGenerator.xcodeproj/Files_Info.plist;
				IPHONEOS_DEPLOYMENT_TARGET = 9.0;
				LD_RUNPATH_SEARCH_PATHS = "$(inherited) $(TOOLCHAIN_DIR)/usr/lib/swift/macosx";
				MACOSX_DEPLOYMENT_TARGET = 10.10;
				OTHER_CFLAGS = "$(inherited)";
				OTHER_LDFLAGS = "$(inherited)";
				OTHER_SWIFT_FLAGS = "$(inherited)";
				PRODUCT_BUNDLE_IDENTIFIER = Files;
				PRODUCT_MODULE_NAME = "$(TARGET_NAME:c99extidentifier)";
				PRODUCT_NAME = "$(TARGET_NAME:c99extidentifier)";
				SKIP_INSTALL = YES;
				SWIFT_ACTIVE_COMPILATION_CONDITIONS = "$(inherited)";
				SWIFT_VERSION = 5.0;
				TARGET_NAME = Files;
				TVOS_DEPLOYMENT_TARGET = 9.0;
				WATCHOS_DEPLOYMENT_TARGET = 2.0;
			};
			name = Release;
		};
		OBJ_161 /* Debug */ = {
			isa = XCBuildConfiguration;
			buildSettings = {
				LD = /usr/bin/true;
				OTHER_SWIFT_FLAGS = "-swift-version 5 -I $(TOOLCHAIN_DIR)/usr/lib/swift/pm/4_2 -sdk /Applications/Xcode.app/Contents/Developer/Platforms/MacOSX.platform/Developer/SDKs/MacOSX11.3.sdk -package-description-version 5.0.0";
				SWIFT_VERSION = 5.0;
			};
			name = Debug;
		};
		OBJ_162 /* Release */ = {
			isa = XCBuildConfiguration;
			buildSettings = {
				LD = /usr/bin/true;
				OTHER_SWIFT_FLAGS = "-swift-version 5 -I $(TOOLCHAIN_DIR)/usr/lib/swift/pm/4_2 -sdk /Applications/Xcode.app/Contents/Developer/Platforms/MacOSX.platform/Developer/SDKs/MacOSX11.3.sdk -package-description-version 5.0.0";
				SWIFT_VERSION = 5.0;
			};
			name = Release;
		};
		OBJ_167 /* Debug */ = {
			isa = XCBuildConfiguration;
			buildSettings = {
				CURRENT_PROJECT_VERSION = 1;
				ENABLE_TESTABILITY = YES;
				FRAMEWORK_SEARCH_PATHS = (
					"$(inherited)",
					"$(PLATFORM_DIR)/Developer/Library/Frameworks",
				);
				HEADER_SEARCH_PATHS = "$(inherited)";
				INFOPLIST_FILE = StoreGenerator.xcodeproj/Regex_Info.plist;
				LD_RUNPATH_SEARCH_PATHS = "$(inherited) $(TOOLCHAIN_DIR)/usr/lib/swift/macosx";
				OTHER_CFLAGS = "$(inherited)";
				OTHER_LDFLAGS = "$(inherited)";
				OTHER_SWIFT_FLAGS = "$(inherited)";
				PRODUCT_BUNDLE_IDENTIFIER = Regex;
				PRODUCT_MODULE_NAME = "$(TARGET_NAME:c99extidentifier)";
				PRODUCT_NAME = "$(TARGET_NAME:c99extidentifier)";
				SKIP_INSTALL = YES;
				SWIFT_ACTIVE_COMPILATION_CONDITIONS = "$(inherited)";
				SWIFT_VERSION = 5.0;
				TARGET_NAME = Regex;
			};
			name = Debug;
		};
		OBJ_168 /* Release */ = {
			isa = XCBuildConfiguration;
			buildSettings = {
				CURRENT_PROJECT_VERSION = 1;
				ENABLE_TESTABILITY = YES;
				FRAMEWORK_SEARCH_PATHS = (
					"$(inherited)",
					"$(PLATFORM_DIR)/Developer/Library/Frameworks",
				);
				HEADER_SEARCH_PATHS = "$(inherited)";
				INFOPLIST_FILE = StoreGenerator.xcodeproj/Regex_Info.plist;
				LD_RUNPATH_SEARCH_PATHS = "$(inherited) $(TOOLCHAIN_DIR)/usr/lib/swift/macosx";
				OTHER_CFLAGS = "$(inherited)";
				OTHER_LDFLAGS = "$(inherited)";
				OTHER_SWIFT_FLAGS = "$(inherited)";
				PRODUCT_BUNDLE_IDENTIFIER = Regex;
				PRODUCT_MODULE_NAME = "$(TARGET_NAME:c99extidentifier)";
				PRODUCT_NAME = "$(TARGET_NAME:c99extidentifier)";
				SKIP_INSTALL = YES;
				SWIFT_ACTIVE_COMPILATION_CONDITIONS = "$(inherited)";
				SWIFT_VERSION = 5.0;
				TARGET_NAME = Regex;
			};
			name = Release;
		};
		OBJ_179 /* Debug */ = {
			isa = XCBuildConfiguration;
			buildSettings = {
				LD = /usr/bin/true;
				OTHER_SWIFT_FLAGS = "-swift-version 4.2 -I $(TOOLCHAIN_DIR)/usr/lib/swift/pm/4_2 -sdk /Applications/Xcode.app/Contents/Developer/Platforms/MacOSX.platform/Developer/SDKs/MacOSX11.3.sdk -package-description-version 4.2.0";
				SWIFT_VERSION = 4.2;
			};
			name = Debug;
		};
		OBJ_180 /* Release */ = {
			isa = XCBuildConfiguration;
			buildSettings = {
				LD = /usr/bin/true;
				OTHER_SWIFT_FLAGS = "-swift-version 4.2 -I $(TOOLCHAIN_DIR)/usr/lib/swift/pm/4_2 -sdk /Applications/Xcode.app/Contents/Developer/Platforms/MacOSX.platform/Developer/SDKs/MacOSX11.3.sdk -package-description-version 4.2.0";
				SWIFT_VERSION = 4.2;
			};
			name = Release;
		};
		OBJ_185 /* Debug */ = {
			isa = XCBuildConfiguration;
			buildSettings = {
				CURRENT_PROJECT_VERSION = 1;
				FRAMEWORK_SEARCH_PATHS = (
					"$(inherited)",
					"$(PLATFORM_DIR)/Developer/Library/Frameworks",
				);
				HEADER_SEARCH_PATHS = "$(inherited)";
				INFOPLIST_FILE = StoreGenerator.xcodeproj/StoreGenerator_Info.plist;
				IPHONEOS_DEPLOYMENT_TARGET = 9.0;
				LD_RUNPATH_SEARCH_PATHS = "$(inherited) $(TOOLCHAIN_DIR)/usr/lib/swift/macosx @executable_path";
				MACOSX_DEPLOYMENT_TARGET = 10.10;
				OTHER_CFLAGS = "$(inherited)";
				OTHER_LDFLAGS = "$(inherited)";
				OTHER_SWIFT_FLAGS = "$(inherited)";
				SWIFT_ACTIVE_COMPILATION_CONDITIONS = "$(inherited)";
				SWIFT_FORCE_DYNAMIC_LINK_STDLIB = YES;
				SWIFT_FORCE_STATIC_LINK_STDLIB = NO;
				SWIFT_VERSION = 5.0;
				TARGET_NAME = StoreGenerator;
				TVOS_DEPLOYMENT_TARGET = 9.0;
				WATCHOS_DEPLOYMENT_TARGET = 2.0;
			};
			name = Debug;
		};
		OBJ_186 /* Release */ = {
			isa = XCBuildConfiguration;
			buildSettings = {
				CURRENT_PROJECT_VERSION = 1;
				FRAMEWORK_SEARCH_PATHS = (
					"$(inherited)",
					"$(PLATFORM_DIR)/Developer/Library/Frameworks",
				);
				HEADER_SEARCH_PATHS = "$(inherited)";
				INFOPLIST_FILE = StoreGenerator.xcodeproj/StoreGenerator_Info.plist;
				IPHONEOS_DEPLOYMENT_TARGET = 9.0;
				LD_RUNPATH_SEARCH_PATHS = "$(inherited) $(TOOLCHAIN_DIR)/usr/lib/swift/macosx @executable_path";
				MACOSX_DEPLOYMENT_TARGET = 10.10;
				OTHER_CFLAGS = "$(inherited)";
				OTHER_LDFLAGS = "$(inherited)";
				OTHER_SWIFT_FLAGS = "$(inherited)";
				SWIFT_ACTIVE_COMPILATION_CONDITIONS = "$(inherited)";
				SWIFT_FORCE_DYNAMIC_LINK_STDLIB = YES;
				SWIFT_FORCE_STATIC_LINK_STDLIB = NO;
				SWIFT_VERSION = 5.0;
				TARGET_NAME = StoreGenerator;
				TVOS_DEPLOYMENT_TARGET = 9.0;
				WATCHOS_DEPLOYMENT_TARGET = 2.0;
			};
			name = Release;
		};
		OBJ_202 /* Debug */ = {
			isa = XCBuildConfiguration;
			buildSettings = {
				CURRENT_PROJECT_VERSION = 1;
				ENABLE_TESTABILITY = YES;
				FRAMEWORK_SEARCH_PATHS = (
					"$(inherited)",
					"$(PLATFORM_DIR)/Developer/Library/Frameworks",
				);
				HEADER_SEARCH_PATHS = "$(inherited)";
				INFOPLIST_FILE = StoreGenerator.xcodeproj/StoreGeneratorCore_Info.plist;
				IPHONEOS_DEPLOYMENT_TARGET = 9.0;
				LD_RUNPATH_SEARCH_PATHS = "$(inherited) $(TOOLCHAIN_DIR)/usr/lib/swift/macosx";
				MACOSX_DEPLOYMENT_TARGET = 10.10;
				OTHER_CFLAGS = "$(inherited)";
				OTHER_LDFLAGS = "$(inherited)";
				OTHER_SWIFT_FLAGS = "$(inherited)";
				PRODUCT_BUNDLE_IDENTIFIER = StoreGeneratorCore;
				PRODUCT_MODULE_NAME = "$(TARGET_NAME:c99extidentifier)";
				PRODUCT_NAME = "$(TARGET_NAME:c99extidentifier)";
				SKIP_INSTALL = YES;
				SWIFT_ACTIVE_COMPILATION_CONDITIONS = "$(inherited)";
				SWIFT_VERSION = 5.0;
				TARGET_NAME = StoreGeneratorCore;
				TVOS_DEPLOYMENT_TARGET = 9.0;
				WATCHOS_DEPLOYMENT_TARGET = 2.0;
			};
			name = Debug;
		};
		OBJ_203 /* Release */ = {
			isa = XCBuildConfiguration;
			buildSettings = {
				CURRENT_PROJECT_VERSION = 1;
				ENABLE_TESTABILITY = YES;
				FRAMEWORK_SEARCH_PATHS = (
					"$(inherited)",
					"$(PLATFORM_DIR)/Developer/Library/Frameworks",
				);
				HEADER_SEARCH_PATHS = "$(inherited)";
				INFOPLIST_FILE = StoreGenerator.xcodeproj/StoreGeneratorCore_Info.plist;
				IPHONEOS_DEPLOYMENT_TARGET = 9.0;
				LD_RUNPATH_SEARCH_PATHS = "$(inherited) $(TOOLCHAIN_DIR)/usr/lib/swift/macosx";
				MACOSX_DEPLOYMENT_TARGET = 10.10;
				OTHER_CFLAGS = "$(inherited)";
				OTHER_LDFLAGS = "$(inherited)";
				OTHER_SWIFT_FLAGS = "$(inherited)";
				PRODUCT_BUNDLE_IDENTIFIER = StoreGeneratorCore;
				PRODUCT_MODULE_NAME = "$(TARGET_NAME:c99extidentifier)";
				PRODUCT_NAME = "$(TARGET_NAME:c99extidentifier)";
				SKIP_INSTALL = YES;
				SWIFT_ACTIVE_COMPILATION_CONDITIONS = "$(inherited)";
				SWIFT_VERSION = 5.0;
				TARGET_NAME = StoreGeneratorCore;
				TVOS_DEPLOYMENT_TARGET = 9.0;
				WATCHOS_DEPLOYMENT_TARGET = 2.0;
			};
			name = Release;
		};
		OBJ_224 /* Debug */ = {
			isa = XCBuildConfiguration;
			buildSettings = {
				LD = /usr/bin/true;
				OTHER_SWIFT_FLAGS = "-swift-version 5 -I $(TOOLCHAIN_DIR)/usr/lib/swift/pm/4_2 -sdk /Applications/Xcode.app/Contents/Developer/Platforms/MacOSX.platform/Developer/SDKs/MacOSX11.3.sdk -package-description-version 5.1.0";
				SWIFT_VERSION = 5.0;
			};
			name = Debug;
		};
		OBJ_225 /* Release */ = {
			isa = XCBuildConfiguration;
			buildSettings = {
				LD = /usr/bin/true;
				OTHER_SWIFT_FLAGS = "-swift-version 5 -I $(TOOLCHAIN_DIR)/usr/lib/swift/pm/4_2 -sdk /Applications/Xcode.app/Contents/Developer/Platforms/MacOSX.platform/Developer/SDKs/MacOSX11.3.sdk -package-description-version 5.1.0";
				SWIFT_VERSION = 5.0;
			};
			name = Release;
		};
		OBJ_230 /* Debug */ = {
			isa = XCBuildConfiguration;
			buildSettings = {
			};
			name = Debug;
		};
		OBJ_231 /* Release */ = {
			isa = XCBuildConfiguration;
			buildSettings = {
			};
			name = Release;
		};
		OBJ_235 /* Debug */ = {
			isa = XCBuildConfiguration;
			buildSettings = {
				CLANG_ENABLE_MODULES = YES;
				CURRENT_PROJECT_VERSION = 1;
				EMBEDDED_CONTENT_CONTAINS_SWIFT = YES;
				FRAMEWORK_SEARCH_PATHS = (
					"$(inherited)",
					"$(PLATFORM_DIR)/Developer/Library/Frameworks",
				);
				HEADER_SEARCH_PATHS = "$(inherited)";
				INFOPLIST_FILE = StoreGenerator.xcodeproj/StoreGeneratorTests_Info.plist;
				IPHONEOS_DEPLOYMENT_TARGET = 14.0;
				LD_RUNPATH_SEARCH_PATHS = "$(inherited) @loader_path/../Frameworks @loader_path/Frameworks";
				MACOSX_DEPLOYMENT_TARGET = 10.15;
				OTHER_CFLAGS = "$(inherited)";
				OTHER_LDFLAGS = "$(inherited)";
				OTHER_SWIFT_FLAGS = "$(inherited)";
				SWIFT_ACTIVE_COMPILATION_CONDITIONS = "$(inherited)";
				SWIFT_VERSION = 5.0;
				TARGET_NAME = StoreGeneratorTests;
				TVOS_DEPLOYMENT_TARGET = 9.0;
				WATCHOS_DEPLOYMENT_TARGET = 7.0;
			};
			name = Debug;
		};
		OBJ_236 /* Release */ = {
			isa = XCBuildConfiguration;
			buildSettings = {
				CLANG_ENABLE_MODULES = YES;
				CURRENT_PROJECT_VERSION = 1;
				EMBEDDED_CONTENT_CONTAINS_SWIFT = YES;
				FRAMEWORK_SEARCH_PATHS = (
					"$(inherited)",
					"$(PLATFORM_DIR)/Developer/Library/Frameworks",
				);
				HEADER_SEARCH_PATHS = "$(inherited)";
				INFOPLIST_FILE = StoreGenerator.xcodeproj/StoreGeneratorTests_Info.plist;
				IPHONEOS_DEPLOYMENT_TARGET = 14.0;
				LD_RUNPATH_SEARCH_PATHS = "$(inherited) @loader_path/../Frameworks @loader_path/Frameworks";
				MACOSX_DEPLOYMENT_TARGET = 10.15;
				OTHER_CFLAGS = "$(inherited)";
				OTHER_LDFLAGS = "$(inherited)";
				OTHER_SWIFT_FLAGS = "$(inherited)";
				SWIFT_ACTIVE_COMPILATION_CONDITIONS = "$(inherited)";
				SWIFT_VERSION = 5.0;
				TARGET_NAME = StoreGeneratorTests;
				TVOS_DEPLOYMENT_TARGET = 9.0;
				WATCHOS_DEPLOYMENT_TARGET = 7.0;
			};
			name = Release;
		};
		OBJ_257 /* Debug */ = {
			isa = XCBuildConfiguration;
			buildSettings = {
				LD = /usr/bin/true;
				OTHER_SWIFT_FLAGS = "-swift-version 5 -I $(TOOLCHAIN_DIR)/usr/lib/swift/pm/4_2 -sdk /Applications/Xcode.app/Contents/Developer/Platforms/MacOSX.platform/Developer/SDKs/MacOSX11.3.sdk -package-description-version 5.2.0";
				SWIFT_VERSION = 5.0;
			};
			name = Debug;
		};
		OBJ_258 /* Release */ = {
			isa = XCBuildConfiguration;
			buildSettings = {
				LD = /usr/bin/true;
				OTHER_SWIFT_FLAGS = "-swift-version 5 -I $(TOOLCHAIN_DIR)/usr/lib/swift/pm/4_2 -sdk /Applications/Xcode.app/Contents/Developer/Platforms/MacOSX.platform/Developer/SDKs/MacOSX11.3.sdk -package-description-version 5.2.0";
				SWIFT_VERSION = 5.0;
			};
			name = Release;
		};
		OBJ_3 /* Debug */ = {
			isa = XCBuildConfiguration;
			buildSettings = {
				CLANG_ENABLE_OBJC_ARC = YES;
				COMBINE_HIDPI_IMAGES = YES;
				COPY_PHASE_STRIP = NO;
				DEBUG_INFORMATION_FORMAT = dwarf;
				DYLIB_INSTALL_NAME_BASE = "@rpath";
				ENABLE_NS_ASSERTIONS = YES;
				GCC_OPTIMIZATION_LEVEL = 0;
				GCC_PREPROCESSOR_DEFINITIONS = (
					"$(inherited)",
					"SWIFT_PACKAGE=1",
					"DEBUG=1",
				);
				MACOSX_DEPLOYMENT_TARGET = 10.10;
				ONLY_ACTIVE_ARCH = YES;
				OTHER_SWIFT_FLAGS = "$(inherited) -DXcode";
				PRODUCT_NAME = "$(TARGET_NAME)";
				SDKROOT = macosx;
				SUPPORTED_PLATFORMS = "$(AVAILABLE_PLATFORMS)";
				SUPPORTS_MACCATALYST = YES;
				SWIFT_ACTIVE_COMPILATION_CONDITIONS = "$(inherited) SWIFT_PACKAGE DEBUG";
				SWIFT_OPTIMIZATION_LEVEL = "-Onone";
				USE_HEADERMAP = NO;
			};
			name = Debug;
		};
		OBJ_4 /* Release */ = {
			isa = XCBuildConfiguration;
			buildSettings = {
				CLANG_ENABLE_OBJC_ARC = YES;
				COMBINE_HIDPI_IMAGES = YES;
				COPY_PHASE_STRIP = YES;
				DEBUG_INFORMATION_FORMAT = "dwarf-with-dsym";
				DYLIB_INSTALL_NAME_BASE = "@rpath";
				GCC_OPTIMIZATION_LEVEL = s;
				GCC_PREPROCESSOR_DEFINITIONS = (
					"$(inherited)",
					"SWIFT_PACKAGE=1",
				);
				MACOSX_DEPLOYMENT_TARGET = 10.10;
				OTHER_SWIFT_FLAGS = "$(inherited) -DXcode";
				PRODUCT_NAME = "$(TARGET_NAME)";
				SDKROOT = macosx;
				SUPPORTED_PLATFORMS = "$(AVAILABLE_PLATFORMS)";
				SUPPORTS_MACCATALYST = YES;
				SWIFT_ACTIVE_COMPILATION_CONDITIONS = "$(inherited) SWIFT_PACKAGE";
				SWIFT_OPTIMIZATION_LEVEL = "-Owholemodule";
				USE_HEADERMAP = NO;
			};
			name = Release;
		};
/* End XCBuildConfiguration section */

/* Begin XCConfigurationList section */
		OBJ_101 /* Build configuration list for PBXNativeTarget "ArgumentParser" */ = {
			isa = XCConfigurationList;
			buildConfigurations = (
				OBJ_102 /* Debug */,
				OBJ_103 /* Release */,
			);
			defaultConfigurationIsVisible = 0;
			defaultConfigurationName = Release;
		};
		OBJ_146 /* Build configuration list for PBXNativeTarget "ArgumentParserToolInfo" */ = {
			isa = XCConfigurationList;
			buildConfigurations = (
				OBJ_147 /* Debug */,
				OBJ_148 /* Release */,
			);
			defaultConfigurationIsVisible = 0;
			defaultConfigurationName = Release;
		};
		OBJ_153 /* Build configuration list for PBXNativeTarget "Files" */ = {
			isa = XCConfigurationList;
			buildConfigurations = (
				OBJ_154 /* Debug */,
				OBJ_155 /* Release */,
			);
			defaultConfigurationIsVisible = 0;
			defaultConfigurationName = Release;
		};
		OBJ_160 /* Build configuration list for PBXNativeTarget "FilesPackageDescription" */ = {
			isa = XCConfigurationList;
			buildConfigurations = (
				OBJ_161 /* Debug */,
				OBJ_162 /* Release */,
			);
			defaultConfigurationIsVisible = 0;
			defaultConfigurationName = Release;
		};
		OBJ_166 /* Build configuration list for PBXNativeTarget "Regex" */ = {
			isa = XCConfigurationList;
			buildConfigurations = (
				OBJ_167 /* Debug */,
				OBJ_168 /* Release */,
			);
			defaultConfigurationIsVisible = 0;
			defaultConfigurationName = Release;
		};
		OBJ_178 /* Build configuration list for PBXNativeTarget "RegexPackageDescription" */ = {
			isa = XCConfigurationList;
			buildConfigurations = (
				OBJ_179 /* Debug */,
				OBJ_180 /* Release */,
			);
			defaultConfigurationIsVisible = 0;
			defaultConfigurationName = Release;
		};
		OBJ_184 /* Build configuration list for PBXNativeTarget "StoreGenerator" */ = {
			isa = XCConfigurationList;
			buildConfigurations = (
				OBJ_185 /* Debug */,
				OBJ_186 /* Release */,
			);
			defaultConfigurationIsVisible = 0;
			defaultConfigurationName = Release;
		};
		OBJ_2 /* Build configuration list for PBXProject "StoreGenerator" */ = {
			isa = XCConfigurationList;
			buildConfigurations = (
				OBJ_3 /* Debug */,
				OBJ_4 /* Release */,
			);
			defaultConfigurationIsVisible = 0;
			defaultConfigurationName = Release;
		};
		OBJ_201 /* Build configuration list for PBXNativeTarget "StoreGeneratorCore" */ = {
			isa = XCConfigurationList;
			buildConfigurations = (
				OBJ_202 /* Debug */,
				OBJ_203 /* Release */,
			);
			defaultConfigurationIsVisible = 0;
			defaultConfigurationName = Release;
		};
		OBJ_223 /* Build configuration list for PBXNativeTarget "StoreGeneratorPackageDescription" */ = {
			isa = XCConfigurationList;
			buildConfigurations = (
				OBJ_224 /* Debug */,
				OBJ_225 /* Release */,
			);
			defaultConfigurationIsVisible = 0;
			defaultConfigurationName = Release;
		};
		OBJ_229 /* Build configuration list for PBXAggregateTarget "StoreGeneratorPackageTests" */ = {
			isa = XCConfigurationList;
			buildConfigurations = (
				OBJ_230 /* Debug */,
				OBJ_231 /* Release */,
			);
			defaultConfigurationIsVisible = 0;
			defaultConfigurationName = Release;
		};
		OBJ_234 /* Build configuration list for PBXNativeTarget "StoreGeneratorTests" */ = {
			isa = XCConfigurationList;
			buildConfigurations = (
				OBJ_235 /* Debug */,
				OBJ_236 /* Release */,
			);
			defaultConfigurationIsVisible = 0;
			defaultConfigurationName = Release;
		};
		OBJ_256 /* Build configuration list for PBXNativeTarget "swift-argument-parserPackageDescription" */ = {
			isa = XCConfigurationList;
			buildConfigurations = (
				OBJ_257 /* Debug */,
				OBJ_258 /* Release */,
			);
			defaultConfigurationIsVisible = 0;
			defaultConfigurationName = Release;
		};
/* End XCConfigurationList section */
	};
	rootObject = OBJ_1 /* Project object */;
}
